// !$*UTF8*$!
{
	archiveVersion = 1;
	classes = {
	};
	objectVersion = 50;
	objects = {

/* Begin PBXBuildFile section */
		540221232195C45000F0E173 /* AppDelegate.swift in Sources */ = {isa = PBXBuildFile; fileRef = 540221222195C44F00F0E173 /* AppDelegate.swift */; };
		540221252195C45000F0E173 /* PeopleDataSource.swift in Sources */ = {isa = PBXBuildFile; fileRef = 540221242195C45000F0E173 /* PeopleDataSource.swift */; };
		540221282195C45000F0E173 /* Main.storyboard in Resources */ = {isa = PBXBuildFile; fileRef = 540221262195C45000F0E173 /* Main.storyboard */; };
		5402212A2195C45100F0E173 /* Assets.xcassets in Resources */ = {isa = PBXBuildFile; fileRef = 540221292195C45100F0E173 /* Assets.xcassets */; };
		5402212D2195C45100F0E173 /* LaunchScreen.storyboard in Resources */ = {isa = PBXBuildFile; fileRef = 5402212B2195C45100F0E173 /* LaunchScreen.storyboard */; };
		540221422195C4F800F0E173 /* Composed.framework in Frameworks */ = {isa = PBXBuildFile; fileRef = 540221392195C4F700F0E173 /* Composed.framework */; };
		540221492195C4F800F0E173 /* ComposedTests.swift in Sources */ = {isa = PBXBuildFile; fileRef = 540221482195C4F800F0E173 /* ComposedTests.swift */; };
		5402214B2195C4F800F0E173 /* Composed.h in Headers */ = {isa = PBXBuildFile; fileRef = 5402213B2195C4F700F0E173 /* Composed.h */; settings = {ATTRIBUTES = (Public, ); }; };
		5402214E2195C4F800F0E173 /* Composed.framework in Frameworks */ = {isa = PBXBuildFile; fileRef = 540221392195C4F700F0E173 /* Composed.framework */; };
		5402214F2195C4F800F0E173 /* Composed.framework in Embed Frameworks */ = {isa = PBXBuildFile; fileRef = 540221392195C4F700F0E173 /* Composed.framework */; settings = {ATTRIBUTES = (CodeSignOnCopy, RemoveHeadersOnCopy, ); }; };
		5430E3ED222473630017A450 /* AggregateDataSource.swift in Sources */ = {isa = PBXBuildFile; fileRef = 5430E3CD222473620017A450 /* AggregateDataSource.swift */; };
		5430E3EE222473630017A450 /* CollectionDataSource.swift in Sources */ = {isa = PBXBuildFile; fileRef = 5430E3CE222473620017A450 /* CollectionDataSource.swift */; };
		5430E3EF222473630017A450 /* SectionedDataSource.swift in Sources */ = {isa = PBXBuildFile; fileRef = 5430E3CF222473620017A450 /* SectionedDataSource.swift */; };
		5430E3F0222473630017A450 /* SegmentedDataSource.swift in Sources */ = {isa = PBXBuildFile; fileRef = 5430E3D0222473620017A450 /* SegmentedDataSource.swift */; };
		5430E3F1222473630017A450 /* GlobalDataSource.swift in Sources */ = {isa = PBXBuildFile; fileRef = 5430E3D1222473620017A450 /* GlobalDataSource.swift */; };
		5430E3F2222473630017A450 /* BasicDataSource.swift in Sources */ = {isa = PBXBuildFile; fileRef = 5430E3D2222473620017A450 /* BasicDataSource.swift */; };
		5430E3F3222473630017A450 /* ComposedDataSource.swift in Sources */ = {isa = PBXBuildFile; fileRef = 5430E3D3222473620017A450 /* ComposedDataSource.swift */; };
		5430E3F4222473630017A450 /* DataSource.swift in Sources */ = {isa = PBXBuildFile; fileRef = 5430E3D4222473620017A450 /* DataSource.swift */; };
		5430E3F5222473630017A450 /* DataSourceUI+Configurations.swift in Sources */ = {isa = PBXBuildFile; fileRef = 5430E3D6222473620017A450 /* DataSourceUI+Configurations.swift */; };
		5430E3F6222473630017A450 /* DataSourceHeaderFooterView.swift in Sources */ = {isa = PBXBuildFile; fileRef = 5430E3D7222473620017A450 /* DataSourceHeaderFooterView.swift */; };
		5430E3F7222473630017A450 /* DataSourceViewController.swift in Sources */ = {isa = PBXBuildFile; fileRef = 5430E3D8222473620017A450 /* DataSourceViewController.swift */; };
		5430E3F8222473630017A450 /* CollectionViewWrapper.swift in Sources */ = {isa = PBXBuildFile; fileRef = 5430E3D9222473620017A450 /* CollectionViewWrapper.swift */; };
		5430E3F9222473630017A450 /* DataSourceChangeSet.swift in Sources */ = {isa = PBXBuildFile; fileRef = 5430E3DB222473620017A450 /* DataSourceChangeSet.swift */; };
		5430E3FA222473630017A450 /* DataSourceHashableWrapper.swift in Sources */ = {isa = PBXBuildFile; fileRef = 5430E3DC222473620017A450 /* DataSourceHashableWrapper.swift */; };
		5430E3FB222473630017A450 /* ComposedMappings.swift in Sources */ = {isa = PBXBuildFile; fileRef = 5430E3DD222473620017A450 /* ComposedMappings.swift */; };
		5430E3FD222473630017A450 /* DataSourceUIProviding.swift in Sources */ = {isa = PBXBuildFile; fileRef = 5430E3DF222473620017A450 /* DataSourceUIProviding.swift */; };
		5430E3FE222473630017A450 /* DataSourceUI+Behaviours.swift in Sources */ = {isa = PBXBuildFile; fileRef = 5430E3E0222473620017A450 /* DataSourceUI+Behaviours.swift */; };
		5430E3FF222473630017A450 /* NibLoadable.swift in Sources */ = {isa = PBXBuildFile; fileRef = 5430E3E1222473620017A450 /* NibLoadable.swift */; };
		5430E400222473630017A450 /* ArrayDataStore.swift in Sources */ = {isa = PBXBuildFile; fileRef = 5430E3E3222473630017A450 /* ArrayDataStore.swift */; };
		5430E401222473630017A450 /* ManagedDataStore.swift in Sources */ = {isa = PBXBuildFile; fileRef = 5430E3E4222473630017A450 /* ManagedDataStore.swift */; };
		5430E402222473630017A450 /* DataStore.swift in Sources */ = {isa = PBXBuildFile; fileRef = 5430E3E5222473630017A450 /* DataStore.swift */; };
		5430E403222473630017A450 /* FlowLayoutInvalidationContext.swift in Sources */ = {isa = PBXBuildFile; fileRef = 5430E3E7222473630017A450 /* FlowLayoutInvalidationContext.swift */; };
		5430E404222473630017A450 /* FlowLayout+Helpers.swift in Sources */ = {isa = PBXBuildFile; fileRef = 5430E3E8222473630017A450 /* FlowLayout+Helpers.swift */; };
		5430E405222473630017A450 /* FlowLayoutAttributes.swift in Sources */ = {isa = PBXBuildFile; fileRef = 5430E3E9222473630017A450 /* FlowLayoutAttributes.swift */; };
		5430E406222473630017A450 /* FlowLayout.swift in Sources */ = {isa = PBXBuildFile; fileRef = 5430E3EA222473630017A450 /* FlowLayout.swift */; };
		5430E407222473630017A450 /* FlowLayout+Metrics.swift in Sources */ = {isa = PBXBuildFile; fileRef = 5430E3EB222473630017A450 /* FlowLayout+Metrics.swift */; };
		5430E408222473630017A450 /* FlowLayout+Types.swift in Sources */ = {isa = PBXBuildFile; fileRef = 5430E3EC222473630017A450 /* FlowLayout+Types.swift */; };
		546AA49521D5178900588DE4 /* PersonCell.xib in Resources */ = {isa = PBXBuildFile; fileRef = 546AA49421D5178900588DE4 /* PersonCell.xib */; };
		548A8B6E2214EEBE00C0A276 /* FooterView.xib in Resources */ = {isa = PBXBuildFile; fileRef = 548A8B6D2214EEBE00C0A276 /* FooterView.xib */; };
		548A8B702214FA2800C0A276 /* BackgroundView.swift in Sources */ = {isa = PBXBuildFile; fileRef = 548A8B6F2214FA2800C0A276 /* BackgroundView.swift */; };
		54BAB15E221497FA0064CE51 /* GlobalHeaderView.swift in Sources */ = {isa = PBXBuildFile; fileRef = 54BAB15D221497FA0064CE51 /* GlobalHeaderView.swift */; };
		54BAB160221498000064CE51 /* GlobalHeaderView.xib in Resources */ = {isa = PBXBuildFile; fileRef = 54BAB15F221498000064CE51 /* GlobalHeaderView.xib */; };
		54BAB1642214D05C0064CE51 /* GlobalFooterView.swift in Sources */ = {isa = PBXBuildFile; fileRef = 54BAB1632214D05C0064CE51 /* GlobalFooterView.swift */; };
		54BAB1662214D0630064CE51 /* GlobalFooterView.xib in Resources */ = {isa = PBXBuildFile; fileRef = 54BAB1652214D0630064CE51 /* GlobalFooterView.xib */; };
		54D0A8A521F64AF600C65B72 /* HeaderView.xib in Resources */ = {isa = PBXBuildFile; fileRef = 54D0A8A421F64AF600C65B72 /* HeaderView.xib */; };
/* End PBXBuildFile section */

/* Begin PBXContainerItemProxy section */
		540221432195C4F800F0E173 /* PBXContainerItemProxy */ = {
			isa = PBXContainerItemProxy;
			containerPortal = 540221172195C44F00F0E173 /* Project object */;
			proxyType = 1;
			remoteGlobalIDString = 540221382195C4F700F0E173;
			remoteInfo = DataSources;
		};
		540221452195C4F800F0E173 /* PBXContainerItemProxy */ = {
			isa = PBXContainerItemProxy;
			containerPortal = 540221172195C44F00F0E173 /* Project object */;
			proxyType = 1;
			remoteGlobalIDString = 5402211E2195C44F00F0E173;
			remoteInfo = Composed;
		};
		5402214C2195C4F800F0E173 /* PBXContainerItemProxy */ = {
			isa = PBXContainerItemProxy;
			containerPortal = 540221172195C44F00F0E173 /* Project object */;
			proxyType = 1;
			remoteGlobalIDString = 540221382195C4F700F0E173;
			remoteInfo = DataSources;
		};
/* End PBXContainerItemProxy section */

/* Begin PBXCopyFilesBuildPhase section */
		540221532195C4F800F0E173 /* Embed Frameworks */ = {
			isa = PBXCopyFilesBuildPhase;
			buildActionMask = 2147483647;
			dstPath = "";
			dstSubfolderSpec = 10;
			files = (
				5402214F2195C4F800F0E173 /* Composed.framework in Embed Frameworks */,
			);
			name = "Embed Frameworks";
			runOnlyForDeploymentPostprocessing = 0;
		};
/* End PBXCopyFilesBuildPhase section */

/* Begin PBXFileReference section */
		5402211F2195C44F00F0E173 /* Playground.app */ = {isa = PBXFileReference; explicitFileType = wrapper.application; includeInIndex = 0; path = Playground.app; sourceTree = BUILT_PRODUCTS_DIR; };
		540221222195C44F00F0E173 /* AppDelegate.swift */ = {isa = PBXFileReference; lastKnownFileType = sourcecode.swift; path = AppDelegate.swift; sourceTree = "<group>"; };
		540221242195C45000F0E173 /* PeopleDataSource.swift */ = {isa = PBXFileReference; lastKnownFileType = sourcecode.swift; path = PeopleDataSource.swift; sourceTree = "<group>"; };
		540221272195C45000F0E173 /* Base */ = {isa = PBXFileReference; lastKnownFileType = file.storyboard; name = Base; path = Base.lproj/Main.storyboard; sourceTree = "<group>"; };
		540221292195C45100F0E173 /* Assets.xcassets */ = {isa = PBXFileReference; lastKnownFileType = folder.assetcatalog; path = Assets.xcassets; sourceTree = "<group>"; };
		5402212C2195C45100F0E173 /* Base */ = {isa = PBXFileReference; lastKnownFileType = file.storyboard; name = Base; path = Base.lproj/LaunchScreen.storyboard; sourceTree = "<group>"; };
		5402212E2195C45100F0E173 /* Info.plist */ = {isa = PBXFileReference; lastKnownFileType = text.plist.xml; path = Info.plist; sourceTree = "<group>"; };
		540221392195C4F700F0E173 /* Composed.framework */ = {isa = PBXFileReference; explicitFileType = wrapper.framework; includeInIndex = 0; path = Composed.framework; sourceTree = BUILT_PRODUCTS_DIR; };
		5402213B2195C4F700F0E173 /* Composed.h */ = {isa = PBXFileReference; lastKnownFileType = sourcecode.c.h; path = Composed.h; sourceTree = "<group>"; };
		5402213C2195C4F700F0E173 /* Info.plist */ = {isa = PBXFileReference; lastKnownFileType = text.plist.xml; path = Info.plist; sourceTree = "<group>"; };
		540221412195C4F700F0E173 /* ComposedTests.xctest */ = {isa = PBXFileReference; explicitFileType = wrapper.cfbundle; includeInIndex = 0; path = ComposedTests.xctest; sourceTree = BUILT_PRODUCTS_DIR; };
		540221482195C4F800F0E173 /* ComposedTests.swift */ = {isa = PBXFileReference; lastKnownFileType = sourcecode.swift; path = ComposedTests.swift; sourceTree = "<group>"; };
		5402214A2195C4F800F0E173 /* Info.plist */ = {isa = PBXFileReference; lastKnownFileType = text.plist.xml; path = Info.plist; sourceTree = "<group>"; };
		5430E3CD222473620017A450 /* AggregateDataSource.swift */ = {isa = PBXFileReference; fileEncoding = 4; lastKnownFileType = sourcecode.swift; path = AggregateDataSource.swift; sourceTree = "<group>"; };
		5430E3CE222473620017A450 /* CollectionDataSource.swift */ = {isa = PBXFileReference; fileEncoding = 4; lastKnownFileType = sourcecode.swift; path = CollectionDataSource.swift; sourceTree = "<group>"; };
		5430E3CF222473620017A450 /* SectionedDataSource.swift */ = {isa = PBXFileReference; fileEncoding = 4; lastKnownFileType = sourcecode.swift; path = SectionedDataSource.swift; sourceTree = "<group>"; };
		5430E3D0222473620017A450 /* SegmentedDataSource.swift */ = {isa = PBXFileReference; fileEncoding = 4; lastKnownFileType = sourcecode.swift; path = SegmentedDataSource.swift; sourceTree = "<group>"; };
		5430E3D1222473620017A450 /* GlobalDataSource.swift */ = {isa = PBXFileReference; fileEncoding = 4; lastKnownFileType = sourcecode.swift; path = GlobalDataSource.swift; sourceTree = "<group>"; };
		5430E3D2222473620017A450 /* BasicDataSource.swift */ = {isa = PBXFileReference; fileEncoding = 4; lastKnownFileType = sourcecode.swift; path = BasicDataSource.swift; sourceTree = "<group>"; };
		5430E3D3222473620017A450 /* ComposedDataSource.swift */ = {isa = PBXFileReference; fileEncoding = 4; lastKnownFileType = sourcecode.swift; path = ComposedDataSource.swift; sourceTree = "<group>"; };
		5430E3D4222473620017A450 /* DataSource.swift */ = {isa = PBXFileReference; fileEncoding = 4; lastKnownFileType = sourcecode.swift; path = DataSource.swift; sourceTree = "<group>"; };
		5430E3D6222473620017A450 /* DataSourceUI+Configurations.swift */ = {isa = PBXFileReference; fileEncoding = 4; lastKnownFileType = sourcecode.swift; path = "DataSourceUI+Configurations.swift"; sourceTree = "<group>"; };
		5430E3D7222473620017A450 /* DataSourceHeaderFooterView.swift */ = {isa = PBXFileReference; fileEncoding = 4; lastKnownFileType = sourcecode.swift; path = DataSourceHeaderFooterView.swift; sourceTree = "<group>"; };
		5430E3D8222473620017A450 /* DataSourceViewController.swift */ = {isa = PBXFileReference; fileEncoding = 4; lastKnownFileType = sourcecode.swift; path = DataSourceViewController.swift; sourceTree = "<group>"; };
		5430E3D9222473620017A450 /* CollectionViewWrapper.swift */ = {isa = PBXFileReference; fileEncoding = 4; lastKnownFileType = sourcecode.swift; path = CollectionViewWrapper.swift; sourceTree = "<group>"; };
		5430E3DB222473620017A450 /* DataSourceChangeSet.swift */ = {isa = PBXFileReference; fileEncoding = 4; lastKnownFileType = sourcecode.swift; path = DataSourceChangeSet.swift; sourceTree = "<group>"; };
		5430E3DC222473620017A450 /* DataSourceHashableWrapper.swift */ = {isa = PBXFileReference; fileEncoding = 4; lastKnownFileType = sourcecode.swift; path = DataSourceHashableWrapper.swift; sourceTree = "<group>"; };
		5430E3DD222473620017A450 /* ComposedMappings.swift */ = {isa = PBXFileReference; fileEncoding = 4; lastKnownFileType = sourcecode.swift; path = ComposedMappings.swift; sourceTree = "<group>"; };
		5430E3DF222473620017A450 /* DataSourceUIProviding.swift */ = {isa = PBXFileReference; fileEncoding = 4; lastKnownFileType = sourcecode.swift; path = DataSourceUIProviding.swift; sourceTree = "<group>"; };
		5430E3E0222473620017A450 /* DataSourceUI+Behaviours.swift */ = {isa = PBXFileReference; fileEncoding = 4; lastKnownFileType = sourcecode.swift; path = "DataSourceUI+Behaviours.swift"; sourceTree = "<group>"; };
		5430E3E1222473620017A450 /* NibLoadable.swift */ = {isa = PBXFileReference; fileEncoding = 4; lastKnownFileType = sourcecode.swift; path = NibLoadable.swift; sourceTree = "<group>"; };
		5430E3E3222473630017A450 /* ArrayDataStore.swift */ = {isa = PBXFileReference; fileEncoding = 4; lastKnownFileType = sourcecode.swift; path = ArrayDataStore.swift; sourceTree = "<group>"; };
		5430E3E4222473630017A450 /* ManagedDataStore.swift */ = {isa = PBXFileReference; fileEncoding = 4; lastKnownFileType = sourcecode.swift; path = ManagedDataStore.swift; sourceTree = "<group>"; };
		5430E3E5222473630017A450 /* DataStore.swift */ = {isa = PBXFileReference; fileEncoding = 4; lastKnownFileType = sourcecode.swift; path = DataStore.swift; sourceTree = "<group>"; };
		5430E3E7222473630017A450 /* FlowLayoutInvalidationContext.swift */ = {isa = PBXFileReference; fileEncoding = 4; lastKnownFileType = sourcecode.swift; path = FlowLayoutInvalidationContext.swift; sourceTree = "<group>"; };
		5430E3E8222473630017A450 /* FlowLayout+Helpers.swift */ = {isa = PBXFileReference; fileEncoding = 4; lastKnownFileType = sourcecode.swift; path = "FlowLayout+Helpers.swift"; sourceTree = "<group>"; };
		5430E3E9222473630017A450 /* FlowLayoutAttributes.swift */ = {isa = PBXFileReference; fileEncoding = 4; lastKnownFileType = sourcecode.swift; path = FlowLayoutAttributes.swift; sourceTree = "<group>"; };
		5430E3EA222473630017A450 /* FlowLayout.swift */ = {isa = PBXFileReference; fileEncoding = 4; lastKnownFileType = sourcecode.swift; path = FlowLayout.swift; sourceTree = "<group>"; };
		5430E3EB222473630017A450 /* FlowLayout+Metrics.swift */ = {isa = PBXFileReference; fileEncoding = 4; lastKnownFileType = sourcecode.swift; path = "FlowLayout+Metrics.swift"; sourceTree = "<group>"; };
		5430E3EC222473630017A450 /* FlowLayout+Types.swift */ = {isa = PBXFileReference; fileEncoding = 4; lastKnownFileType = sourcecode.swift; path = "FlowLayout+Types.swift"; sourceTree = "<group>"; };
		546865242204E3CA00E79B56 /* UIKit.framework */ = {isa = PBXFileReference; lastKnownFileType = wrapper.framework; name = UIKit.framework; path = System/Library/Frameworks/UIKit.framework; sourceTree = SDKROOT; };
		546AA49421D5178900588DE4 /* PersonCell.xib */ = {isa = PBXFileReference; lastKnownFileType = file.xib; path = PersonCell.xib; sourceTree = "<group>"; };
		548A8B6D2214EEBE00C0A276 /* FooterView.xib */ = {isa = PBXFileReference; lastKnownFileType = file.xib; path = FooterView.xib; sourceTree = "<group>"; };
		548A8B6F2214FA2800C0A276 /* BackgroundView.swift */ = {isa = PBXFileReference; lastKnownFileType = sourcecode.swift; path = BackgroundView.swift; sourceTree = "<group>"; };
		54BAB15D221497FA0064CE51 /* GlobalHeaderView.swift */ = {isa = PBXFileReference; lastKnownFileType = sourcecode.swift; path = GlobalHeaderView.swift; sourceTree = "<group>"; };
		54BAB15F221498000064CE51 /* GlobalHeaderView.xib */ = {isa = PBXFileReference; lastKnownFileType = file.xib; path = GlobalHeaderView.xib; sourceTree = "<group>"; };
		54BAB1632214D05C0064CE51 /* GlobalFooterView.swift */ = {isa = PBXFileReference; lastKnownFileType = sourcecode.swift; path = GlobalFooterView.swift; sourceTree = "<group>"; };
		54BAB1652214D0630064CE51 /* GlobalFooterView.xib */ = {isa = PBXFileReference; lastKnownFileType = file.xib; path = GlobalFooterView.xib; sourceTree = "<group>"; };
		54D0A8A421F64AF600C65B72 /* HeaderView.xib */ = {isa = PBXFileReference; lastKnownFileType = file.xib; path = HeaderView.xib; sourceTree = "<group>"; };
/* End PBXFileReference section */

/* Begin PBXFrameworksBuildPhase section */
		5402211C2195C44F00F0E173 /* Frameworks */ = {
			isa = PBXFrameworksBuildPhase;
			buildActionMask = 2147483647;
			files = (
				5402214E2195C4F800F0E173 /* Composed.framework in Frameworks */,
			);
			runOnlyForDeploymentPostprocessing = 0;
		};
		540221362195C4F700F0E173 /* Frameworks */ = {
			isa = PBXFrameworksBuildPhase;
			buildActionMask = 2147483647;
			files = (
			);
			runOnlyForDeploymentPostprocessing = 0;
		};
		5402213E2195C4F700F0E173 /* Frameworks */ = {
			isa = PBXFrameworksBuildPhase;
			buildActionMask = 2147483647;
			files = (
				540221422195C4F800F0E173 /* Composed.framework in Frameworks */,
			);
			runOnlyForDeploymentPostprocessing = 0;
		};
/* End PBXFrameworksBuildPhase section */

/* Begin PBXGroup section */
		540221162195C44F00F0E173 = {
			isa = PBXGroup;
			children = (
				540221212195C44F00F0E173 /* Playground */,
				5402213A2195C4F700F0E173 /* Composed */,
				540221472195C4F800F0E173 /* ComposedTests */,
				540221202195C44F00F0E173 /* Products */,
				546865232204E3CA00E79B56 /* Frameworks */,
			);
			sourceTree = "<group>";
		};
		540221202195C44F00F0E173 /* Products */ = {
			isa = PBXGroup;
			children = (
				5402211F2195C44F00F0E173 /* Playground.app */,
				540221392195C4F700F0E173 /* Composed.framework */,
				540221412195C4F700F0E173 /* ComposedTests.xctest */,
			);
			name = Products;
			sourceTree = "<group>";
		};
		540221212195C44F00F0E173 /* Playground */ = {
			isa = PBXGroup;
			children = (
				540221222195C44F00F0E173 /* AppDelegate.swift */,
				54BAB15D221497FA0064CE51 /* GlobalHeaderView.swift */,
				54BAB15F221498000064CE51 /* GlobalHeaderView.xib */,
				54BAB1632214D05C0064CE51 /* GlobalFooterView.swift */,
				54BAB1652214D0630064CE51 /* GlobalFooterView.xib */,
				540221242195C45000F0E173 /* PeopleDataSource.swift */,
				546AA49421D5178900588DE4 /* PersonCell.xib */,
				54D0A8A421F64AF600C65B72 /* HeaderView.xib */,
				548A8B6D2214EEBE00C0A276 /* FooterView.xib */,
				548A8B6F2214FA2800C0A276 /* BackgroundView.swift */,
				540221262195C45000F0E173 /* Main.storyboard */,
				540221292195C45100F0E173 /* Assets.xcassets */,
				5402212B2195C45100F0E173 /* LaunchScreen.storyboard */,
				5402212E2195C45100F0E173 /* Info.plist */,
			);
			path = Playground;
			sourceTree = "<group>";
		};
		5402213A2195C4F700F0E173 /* Composed */ = {
			isa = PBXGroup;
			children = (
				5430E3CC222473620017A450 /* DataSources */,
				5430E3E2222473630017A450 /* DataStores */,
				5430E3DA222473620017A450 /* Helpers */,
				5430E3E6222473630017A450 /* Layout */,
				5430E3D5222473620017A450 /* Views */,
				5402213B2195C4F700F0E173 /* Composed.h */,
				5402213C2195C4F700F0E173 /* Info.plist */,
			);
			path = Composed;
			sourceTree = "<group>";
		};
		540221472195C4F800F0E173 /* ComposedTests */ = {
			isa = PBXGroup;
			children = (
				540221482195C4F800F0E173 /* ComposedTests.swift */,
				5402214A2195C4F800F0E173 /* Info.plist */,
			);
			path = ComposedTests;
			sourceTree = "<group>";
		};
		5430E3CC222473620017A450 /* DataSources */ = {
			isa = PBXGroup;
			children = (
				5430E3CD222473620017A450 /* AggregateDataSource.swift */,
				5430E3CE222473620017A450 /* CollectionDataSource.swift */,
				5430E3CF222473620017A450 /* SectionedDataSource.swift */,
				5430E3D0222473620017A450 /* SegmentedDataSource.swift */,
				5430E3D1222473620017A450 /* GlobalDataSource.swift */,
				5430E3D2222473620017A450 /* BasicDataSource.swift */,
				5430E3D3222473620017A450 /* ComposedDataSource.swift */,
				5430E3D4222473620017A450 /* DataSource.swift */,
			);
			path = DataSources;
			sourceTree = "<group>";
		};
		5430E3D5222473620017A450 /* Views */ = {
			isa = PBXGroup;
			children = (
				5430E3D6222473620017A450 /* DataSourceUI+Configurations.swift */,
				5430E3D7222473620017A450 /* DataSourceHeaderFooterView.swift */,
				5430E3D8222473620017A450 /* DataSourceViewController.swift */,
				5430E3D9222473620017A450 /* CollectionViewWrapper.swift */,
			);
			path = Views;
			sourceTree = "<group>";
		};
		5430E3DA222473620017A450 /* Helpers */ = {
			isa = PBXGroup;
			children = (
				5430E3DB222473620017A450 /* DataSourceChangeSet.swift */,
				5430E3DC222473620017A450 /* DataSourceHashableWrapper.swift */,
				5430E3DD222473620017A450 /* ComposedMappings.swift */,
				5430E3DF222473620017A450 /* DataSourceUIProviding.swift */,
				5430E3E0222473620017A450 /* DataSourceUI+Behaviours.swift */,
				5430E3E1222473620017A450 /* NibLoadable.swift */,
			);
			path = Helpers;
			sourceTree = "<group>";
		};
		5430E3E2222473630017A450 /* DataStores */ = {
			isa = PBXGroup;
			children = (
				5430E3E3222473630017A450 /* ArrayDataStore.swift */,
				5430E3E4222473630017A450 /* ManagedDataStore.swift */,
				5430E3E5222473630017A450 /* DataStore.swift */,
			);
			path = DataStores;
			sourceTree = "<group>";
		};
		5430E3E6222473630017A450 /* Layout */ = {
			isa = PBXGroup;
			children = (
				5430E3EA222473630017A450 /* FlowLayout.swift */,
				5430E3E9222473630017A450 /* FlowLayoutAttributes.swift */,
				5430E3E7222473630017A450 /* FlowLayoutInvalidationContext.swift */,
				5430E3E8222473630017A450 /* FlowLayout+Helpers.swift */,
				5430E3EB222473630017A450 /* FlowLayout+Metrics.swift */,
				5430E3EC222473630017A450 /* FlowLayout+Types.swift */,
			);
			path = Layout;
			sourceTree = "<group>";
		};
		546865232204E3CA00E79B56 /* Frameworks */ = {
			isa = PBXGroup;
			children = (
				546865242204E3CA00E79B56 /* UIKit.framework */,
			);
			name = Frameworks;
			sourceTree = "<group>";
		};
/* End PBXGroup section */

/* Begin PBXHeadersBuildPhase section */
		540221342195C4F700F0E173 /* Headers */ = {
			isa = PBXHeadersBuildPhase;
			buildActionMask = 2147483647;
			files = (
				5402214B2195C4F800F0E173 /* Composed.h in Headers */,
			);
			runOnlyForDeploymentPostprocessing = 0;
		};
/* End PBXHeadersBuildPhase section */

/* Begin PBXNativeTarget section */
		5402211E2195C44F00F0E173 /* Playground */ = {
			isa = PBXNativeTarget;
			buildConfigurationList = 540221312195C45100F0E173 /* Build configuration list for PBXNativeTarget "Playground" */;
			buildPhases = (
				5402211B2195C44F00F0E173 /* Sources */,
				5402211C2195C44F00F0E173 /* Frameworks */,
				5402211D2195C44F00F0E173 /* Resources */,
				540221532195C4F800F0E173 /* Embed Frameworks */,
			);
			buildRules = (
			);
			dependencies = (
				5402214D2195C4F800F0E173 /* PBXTargetDependency */,
			);
			name = Playground;
			productName = Composed;
			productReference = 5402211F2195C44F00F0E173 /* Playground.app */;
			productType = "com.apple.product-type.application";
		};
		540221382195C4F700F0E173 /* Composed */ = {
			isa = PBXNativeTarget;
			buildConfigurationList = 540221502195C4F800F0E173 /* Build configuration list for PBXNativeTarget "Composed" */;
			buildPhases = (
				540221342195C4F700F0E173 /* Headers */,
				540221352195C4F700F0E173 /* Sources */,
				540221362195C4F700F0E173 /* Frameworks */,
				540221372195C4F700F0E173 /* Resources */,
			);
			buildRules = (
			);
			dependencies = (
			);
			name = Composed;
			productName = DataSources;
			productReference = 540221392195C4F700F0E173 /* Composed.framework */;
			productType = "com.apple.product-type.framework";
		};
		540221402195C4F700F0E173 /* ComposedTests */ = {
			isa = PBXNativeTarget;
			buildConfigurationList = 540221542195C4F800F0E173 /* Build configuration list for PBXNativeTarget "ComposedTests" */;
			buildPhases = (
				5402213D2195C4F700F0E173 /* Sources */,
				5402213E2195C4F700F0E173 /* Frameworks */,
				5402213F2195C4F700F0E173 /* Resources */,
			);
			buildRules = (
			);
			dependencies = (
				540221442195C4F800F0E173 /* PBXTargetDependency */,
				540221462195C4F800F0E173 /* PBXTargetDependency */,
			);
			name = ComposedTests;
			productName = DataSourcesTests;
			productReference = 540221412195C4F700F0E173 /* ComposedTests.xctest */;
			productType = "com.apple.product-type.bundle.unit-test";
		};
/* End PBXNativeTarget section */

/* Begin PBXProject section */
		540221172195C44F00F0E173 /* Project object */ = {
			isa = PBXProject;
			attributes = {
				LastSwiftUpdateCheck = 1010;
				LastUpgradeCheck = 1010;
				ORGANIZATIONNAME = "152 Percent Ltd";
				TargetAttributes = {
					5402211E2195C44F00F0E173 = {
						CreatedOnToolsVersion = 10.1;
					};
					540221382195C4F700F0E173 = {
						CreatedOnToolsVersion = 10.1;
						LastSwiftMigration = 1010;
					};
					540221402195C4F700F0E173 = {
						CreatedOnToolsVersion = 10.1;
						TestTargetID = 5402211E2195C44F00F0E173;
					};
				};
			};
			buildConfigurationList = 5402211A2195C44F00F0E173 /* Build configuration list for PBXProject "Composed" */;
			compatibilityVersion = "Xcode 9.3";
			developmentRegion = en;
			hasScannedForEncodings = 0;
			knownRegions = (
				en,
				Base,
			);
			mainGroup = 540221162195C44F00F0E173;
			productRefGroup = 540221202195C44F00F0E173 /* Products */;
			projectDirPath = "";
			projectRoot = "";
			targets = (
				5402211E2195C44F00F0E173 /* Playground */,
				540221382195C4F700F0E173 /* Composed */,
				540221402195C4F700F0E173 /* ComposedTests */,
			);
		};
/* End PBXProject section */

/* Begin PBXResourcesBuildPhase section */
		5402211D2195C44F00F0E173 /* Resources */ = {
			isa = PBXResourcesBuildPhase;
			buildActionMask = 2147483647;
			files = (
				5402212D2195C45100F0E173 /* LaunchScreen.storyboard in Resources */,
				548A8B6E2214EEBE00C0A276 /* FooterView.xib in Resources */,
				54D0A8A521F64AF600C65B72 /* HeaderView.xib in Resources */,
				5402212A2195C45100F0E173 /* Assets.xcassets in Resources */,
				546AA49521D5178900588DE4 /* PersonCell.xib in Resources */,
				54BAB1662214D0630064CE51 /* GlobalFooterView.xib in Resources */,
				54BAB160221498000064CE51 /* GlobalHeaderView.xib in Resources */,
				540221282195C45000F0E173 /* Main.storyboard in Resources */,
			);
			runOnlyForDeploymentPostprocessing = 0;
		};
		540221372195C4F700F0E173 /* Resources */ = {
			isa = PBXResourcesBuildPhase;
			buildActionMask = 2147483647;
			files = (
			);
			runOnlyForDeploymentPostprocessing = 0;
		};
		5402213F2195C4F700F0E173 /* Resources */ = {
			isa = PBXResourcesBuildPhase;
			buildActionMask = 2147483647;
			files = (
			);
			runOnlyForDeploymentPostprocessing = 0;
		};
/* End PBXResourcesBuildPhase section */

/* Begin PBXSourcesBuildPhase section */
		5402211B2195C44F00F0E173 /* Sources */ = {
			isa = PBXSourcesBuildPhase;
			buildActionMask = 2147483647;
			files = (
				540221252195C45000F0E173 /* PeopleDataSource.swift in Sources */,
				54BAB15E221497FA0064CE51 /* GlobalHeaderView.swift in Sources */,
				54BAB1642214D05C0064CE51 /* GlobalFooterView.swift in Sources */,
				548A8B702214FA2800C0A276 /* BackgroundView.swift in Sources */,
				540221232195C45000F0E173 /* AppDelegate.swift in Sources */,
			);
			runOnlyForDeploymentPostprocessing = 0;
		};
		540221352195C4F700F0E173 /* Sources */ = {
			isa = PBXSourcesBuildPhase;
			buildActionMask = 2147483647;
			files = (
				5430E403222473630017A450 /* FlowLayoutInvalidationContext.swift in Sources */,
				5430E3F6222473630017A450 /* DataSourceHeaderFooterView.swift in Sources */,
				5430E3EE222473630017A450 /* CollectionDataSource.swift in Sources */,
				5430E3ED222473630017A450 /* AggregateDataSource.swift in Sources */,
				5430E401222473630017A450 /* ManagedDataStore.swift in Sources */,
				5430E3F9222473630017A450 /* DataSourceChangeSet.swift in Sources */,
				5430E3F1222473630017A450 /* GlobalDataSource.swift in Sources */,
				5430E3FD222473630017A450 /* DataSourceUIProviding.swift in Sources */,
				5430E3EF222473630017A450 /* SectionedDataSource.swift in Sources */,
				5430E3F7222473630017A450 /* DataSourceViewController.swift in Sources */,
				5430E405222473630017A450 /* FlowLayoutAttributes.swift in Sources */,
				5430E3FF222473630017A450 /* NibLoadable.swift in Sources */,
				5430E400222473630017A450 /* ArrayDataStore.swift in Sources */,
				5430E3FE222473630017A450 /* DataSourceUI+Behaviours.swift in Sources */,
				5430E3F8222473630017A450 /* CollectionViewWrapper.swift in Sources */,
				5430E3F5222473630017A450 /* DataSourceUI+Configurations.swift in Sources */,
				5430E3F0222473630017A450 /* SegmentedDataSource.swift in Sources */,
				5430E402222473630017A450 /* DataStore.swift in Sources */,
				5430E3FA222473630017A450 /* DataSourceHashableWrapper.swift in Sources */,
				5430E3F2222473630017A450 /* BasicDataSource.swift in Sources */,
				5430E3F4222473630017A450 /* DataSource.swift in Sources */,
				5430E406222473630017A450 /* FlowLayout.swift in Sources */,
				5430E3FB222473630017A450 /* ComposedMappings.swift in Sources */,
				5430E3F3222473630017A450 /* ComposedDataSource.swift in Sources */,
				5430E407222473630017A450 /* FlowLayout+Metrics.swift in Sources */,
				5430E404222473630017A450 /* FlowLayout+Helpers.swift in Sources */,
				5430E408222473630017A450 /* FlowLayout+Types.swift in Sources */,
			);
			runOnlyForDeploymentPostprocessing = 0;
		};
		5402213D2195C4F700F0E173 /* Sources */ = {
			isa = PBXSourcesBuildPhase;
			buildActionMask = 2147483647;
			files = (
				540221492195C4F800F0E173 /* ComposedTests.swift in Sources */,
			);
			runOnlyForDeploymentPostprocessing = 0;
		};
/* End PBXSourcesBuildPhase section */

/* Begin PBXTargetDependency section */
		540221442195C4F800F0E173 /* PBXTargetDependency */ = {
			isa = PBXTargetDependency;
			target = 540221382195C4F700F0E173 /* Composed */;
			targetProxy = 540221432195C4F800F0E173 /* PBXContainerItemProxy */;
		};
		540221462195C4F800F0E173 /* PBXTargetDependency */ = {
			isa = PBXTargetDependency;
			target = 5402211E2195C44F00F0E173 /* Playground */;
			targetProxy = 540221452195C4F800F0E173 /* PBXContainerItemProxy */;
		};
		5402214D2195C4F800F0E173 /* PBXTargetDependency */ = {
			isa = PBXTargetDependency;
			target = 540221382195C4F700F0E173 /* Composed */;
			targetProxy = 5402214C2195C4F800F0E173 /* PBXContainerItemProxy */;
		};
/* End PBXTargetDependency section */

/* Begin PBXVariantGroup section */
		540221262195C45000F0E173 /* Main.storyboard */ = {
			isa = PBXVariantGroup;
			children = (
				540221272195C45000F0E173 /* Base */,
			);
			name = Main.storyboard;
			sourceTree = "<group>";
		};
		5402212B2195C45100F0E173 /* LaunchScreen.storyboard */ = {
			isa = PBXVariantGroup;
			children = (
				5402212C2195C45100F0E173 /* Base */,
			);
			name = LaunchScreen.storyboard;
			sourceTree = "<group>";
		};
/* End PBXVariantGroup section */

/* Begin XCBuildConfiguration section */
		5402212F2195C45100F0E173 /* Debug */ = {
			isa = XCBuildConfiguration;
			buildSettings = {
				ALWAYS_SEARCH_USER_PATHS = NO;
				CLANG_ANALYZER_NONNULL = YES;
				CLANG_ANALYZER_NUMBER_OBJECT_CONVERSION = YES_AGGRESSIVE;
				CLANG_CXX_LANGUAGE_STANDARD = "gnu++14";
				CLANG_CXX_LIBRARY = "libc++";
				CLANG_ENABLE_MODULES = YES;
				CLANG_ENABLE_OBJC_ARC = YES;
				CLANG_ENABLE_OBJC_WEAK = YES;
				CLANG_WARN_BLOCK_CAPTURE_AUTORELEASING = YES;
				CLANG_WARN_BOOL_CONVERSION = YES;
				CLANG_WARN_COMMA = YES;
				CLANG_WARN_CONSTANT_CONVERSION = YES;
				CLANG_WARN_DEPRECATED_OBJC_IMPLEMENTATIONS = YES;
				CLANG_WARN_DIRECT_OBJC_ISA_USAGE = YES_ERROR;
				CLANG_WARN_DOCUMENTATION_COMMENTS = YES;
				CLANG_WARN_EMPTY_BODY = YES;
				CLANG_WARN_ENUM_CONVERSION = YES;
				CLANG_WARN_INFINITE_RECURSION = YES;
				CLANG_WARN_INT_CONVERSION = YES;
				CLANG_WARN_NON_LITERAL_NULL_CONVERSION = YES;
				CLANG_WARN_OBJC_IMPLICIT_RETAIN_SELF = YES;
				CLANG_WARN_OBJC_LITERAL_CONVERSION = YES;
				CLANG_WARN_OBJC_ROOT_CLASS = YES_ERROR;
				CLANG_WARN_RANGE_LOOP_ANALYSIS = YES;
				CLANG_WARN_STRICT_PROTOTYPES = YES;
				CLANG_WARN_SUSPICIOUS_MOVE = YES;
				CLANG_WARN_UNGUARDED_AVAILABILITY = YES_AGGRESSIVE;
				CLANG_WARN_UNREACHABLE_CODE = YES;
				CLANG_WARN__DUPLICATE_METHOD_MATCH = YES;
				CODE_SIGN_IDENTITY = "iPhone Developer";
				COPY_PHASE_STRIP = NO;
				DEBUG_INFORMATION_FORMAT = dwarf;
				ENABLE_STRICT_OBJC_MSGSEND = YES;
				ENABLE_TESTABILITY = YES;
				GCC_C_LANGUAGE_STANDARD = gnu11;
				GCC_DYNAMIC_NO_PIC = NO;
				GCC_NO_COMMON_BLOCKS = YES;
				GCC_OPTIMIZATION_LEVEL = 0;
				GCC_PREPROCESSOR_DEFINITIONS = (
					"DEBUG=1",
					"$(inherited)",
				);
				GCC_WARN_64_TO_32_BIT_CONVERSION = YES;
				GCC_WARN_ABOUT_RETURN_TYPE = YES_ERROR;
				GCC_WARN_UNDECLARED_SELECTOR = YES;
				GCC_WARN_UNINITIALIZED_AUTOS = YES_AGGRESSIVE;
				GCC_WARN_UNUSED_FUNCTION = YES;
				GCC_WARN_UNUSED_VARIABLE = YES;
				IPHONEOS_DEPLOYMENT_TARGET = 12.1;
				MTL_ENABLE_DEBUG_INFO = INCLUDE_SOURCE;
				MTL_FAST_MATH = YES;
				ONLY_ACTIVE_ARCH = YES;
				SDKROOT = iphoneos;
				SWIFT_ACTIVE_COMPILATION_CONDITIONS = DEBUG;
				SWIFT_OPTIMIZATION_LEVEL = "-Onone";
			};
			name = Debug;
		};
		540221302195C45100F0E173 /* Release */ = {
			isa = XCBuildConfiguration;
			buildSettings = {
				ALWAYS_SEARCH_USER_PATHS = NO;
				CLANG_ANALYZER_NONNULL = YES;
				CLANG_ANALYZER_NUMBER_OBJECT_CONVERSION = YES_AGGRESSIVE;
				CLANG_CXX_LANGUAGE_STANDARD = "gnu++14";
				CLANG_CXX_LIBRARY = "libc++";
				CLANG_ENABLE_MODULES = YES;
				CLANG_ENABLE_OBJC_ARC = YES;
				CLANG_ENABLE_OBJC_WEAK = YES;
				CLANG_WARN_BLOCK_CAPTURE_AUTORELEASING = YES;
				CLANG_WARN_BOOL_CONVERSION = YES;
				CLANG_WARN_COMMA = YES;
				CLANG_WARN_CONSTANT_CONVERSION = YES;
				CLANG_WARN_DEPRECATED_OBJC_IMPLEMENTATIONS = YES;
				CLANG_WARN_DIRECT_OBJC_ISA_USAGE = YES_ERROR;
				CLANG_WARN_DOCUMENTATION_COMMENTS = YES;
				CLANG_WARN_EMPTY_BODY = YES;
				CLANG_WARN_ENUM_CONVERSION = YES;
				CLANG_WARN_INFINITE_RECURSION = YES;
				CLANG_WARN_INT_CONVERSION = YES;
				CLANG_WARN_NON_LITERAL_NULL_CONVERSION = YES;
				CLANG_WARN_OBJC_IMPLICIT_RETAIN_SELF = YES;
				CLANG_WARN_OBJC_LITERAL_CONVERSION = YES;
				CLANG_WARN_OBJC_ROOT_CLASS = YES_ERROR;
				CLANG_WARN_RANGE_LOOP_ANALYSIS = YES;
				CLANG_WARN_STRICT_PROTOTYPES = YES;
				CLANG_WARN_SUSPICIOUS_MOVE = YES;
				CLANG_WARN_UNGUARDED_AVAILABILITY = YES_AGGRESSIVE;
				CLANG_WARN_UNREACHABLE_CODE = YES;
				CLANG_WARN__DUPLICATE_METHOD_MATCH = YES;
				CODE_SIGN_IDENTITY = "iPhone Developer";
				COPY_PHASE_STRIP = NO;
				DEBUG_INFORMATION_FORMAT = "dwarf-with-dsym";
				ENABLE_NS_ASSERTIONS = NO;
				ENABLE_STRICT_OBJC_MSGSEND = YES;
				GCC_C_LANGUAGE_STANDARD = gnu11;
				GCC_NO_COMMON_BLOCKS = YES;
				GCC_WARN_64_TO_32_BIT_CONVERSION = YES;
				GCC_WARN_ABOUT_RETURN_TYPE = YES_ERROR;
				GCC_WARN_UNDECLARED_SELECTOR = YES;
				GCC_WARN_UNINITIALIZED_AUTOS = YES_AGGRESSIVE;
				GCC_WARN_UNUSED_FUNCTION = YES;
				GCC_WARN_UNUSED_VARIABLE = YES;
				IPHONEOS_DEPLOYMENT_TARGET = 12.1;
				MTL_ENABLE_DEBUG_INFO = NO;
				MTL_FAST_MATH = YES;
				SDKROOT = iphoneos;
				SWIFT_COMPILATION_MODE = wholemodule;
				SWIFT_OPTIMIZATION_LEVEL = "-O";
				VALIDATE_PRODUCT = YES;
			};
			name = Release;
		};
		540221322195C45100F0E173 /* Debug */ = {
			isa = XCBuildConfiguration;
			buildSettings = {
				ALWAYS_EMBED_SWIFT_STANDARD_LIBRARIES = YES;
				ASSETCATALOG_COMPILER_APPICON_NAME = AppIcon;
				CODE_SIGN_STYLE = Automatic;
				DEVELOPMENT_TEAM = V2CWYL9AN8;
				INFOPLIST_FILE = Playground/Info.plist;
				IPHONEOS_DEPLOYMENT_TARGET = 11.0;
				LD_RUNPATH_SEARCH_PATHS = (
					"$(inherited)",
					"@executable_path/Frameworks",
				);
				PRODUCT_BUNDLE_IDENTIFIER = com.152percent.Playground;
				PRODUCT_NAME = "$(TARGET_NAME)";
				SWIFT_VERSION = 4.2;
				TARGETED_DEVICE_FAMILY = "1,2";
			};
			name = Debug;
		};
		540221332195C45100F0E173 /* Release */ = {
			isa = XCBuildConfiguration;
			buildSettings = {
				ALWAYS_EMBED_SWIFT_STANDARD_LIBRARIES = YES;
				ASSETCATALOG_COMPILER_APPICON_NAME = AppIcon;
				CODE_SIGN_STYLE = Automatic;
				DEVELOPMENT_TEAM = V2CWYL9AN8;
				INFOPLIST_FILE = Playground/Info.plist;
				IPHONEOS_DEPLOYMENT_TARGET = 11.0;
				LD_RUNPATH_SEARCH_PATHS = (
					"$(inherited)",
					"@executable_path/Frameworks",
				);
				PRODUCT_BUNDLE_IDENTIFIER = com.152percent.Playground;
				PRODUCT_NAME = "$(TARGET_NAME)";
				SWIFT_VERSION = 4.2;
				TARGETED_DEVICE_FAMILY = "1,2";
			};
			name = Release;
		};
		540221512195C4F800F0E173 /* Debug */ = {
			isa = XCBuildConfiguration;
			buildSettings = {
				APPLICATION_EXTENSION_API_ONLY = YES;
				CLANG_ENABLE_MODULES = YES;
				CODE_SIGN_IDENTITY = "";
				CODE_SIGN_STYLE = Automatic;
				CURRENT_PROJECT_VERSION = 1;
				DEFINES_MODULE = YES;
				DEVELOPMENT_TEAM = V2CWYL9AN8;
				DYLIB_COMPATIBILITY_VERSION = 1;
				DYLIB_CURRENT_VERSION = 1;
				DYLIB_INSTALL_NAME_BASE = "@rpath";
				INFOPLIST_FILE = Composed/Info.plist;
				INSTALL_PATH = "$(LOCAL_LIBRARY_DIR)/Frameworks";
				IPHONEOS_DEPLOYMENT_TARGET = 11.0;
				LD_RUNPATH_SEARCH_PATHS = (
					"$(inherited)",
					"@executable_path/Frameworks",
					"@loader_path/Frameworks",
				);
				PRODUCT_BUNDLE_IDENTIFIER = com.152percent.Composed;
				PRODUCT_NAME = "$(TARGET_NAME:c99extidentifier)";
				SKIP_INSTALL = YES;
				SWIFT_OPTIMIZATION_LEVEL = "-Onone";
				SWIFT_VERSION = 4.2;
				TARGETED_DEVICE_FAMILY = "1,2";
				VERSIONING_SYSTEM = "apple-generic";
				VERSION_INFO_PREFIX = "";
			};
			name = Debug;
		};
		540221522195C4F800F0E173 /* Release */ = {
			isa = XCBuildConfiguration;
			buildSettings = {
				APPLICATION_EXTENSION_API_ONLY = YES;
				CLANG_ENABLE_MODULES = YES;
				CODE_SIGN_IDENTITY = "";
				CODE_SIGN_STYLE = Automatic;
				CURRENT_PROJECT_VERSION = 1;
				DEFINES_MODULE = YES;
				DEVELOPMENT_TEAM = V2CWYL9AN8;
				DYLIB_COMPATIBILITY_VERSION = 1;
				DYLIB_CURRENT_VERSION = 1;
				DYLIB_INSTALL_NAME_BASE = "@rpath";
				INFOPLIST_FILE = Composed/Info.plist;
				INSTALL_PATH = "$(LOCAL_LIBRARY_DIR)/Frameworks";
				IPHONEOS_DEPLOYMENT_TARGET = 11.0;
				LD_RUNPATH_SEARCH_PATHS = (
					"$(inherited)",
					"@executable_path/Frameworks",
					"@loader_path/Frameworks",
				);
				PRODUCT_BUNDLE_IDENTIFIER = com.152percent.Composed;
				PRODUCT_NAME = "$(TARGET_NAME:c99extidentifier)";
				SKIP_INSTALL = YES;
				SWIFT_VERSION = 4.2;
				TARGETED_DEVICE_FAMILY = "1,2";
				VERSIONING_SYSTEM = "apple-generic";
				VERSION_INFO_PREFIX = "";
			};
			name = Release;
		};
		540221552195C4F800F0E173 /* Debug */ = {
			isa = XCBuildConfiguration;
			buildSettings = {
				ALWAYS_EMBED_SWIFT_STANDARD_LIBRARIES = YES;
				CODE_SIGN_STYLE = Automatic;
				DEVELOPMENT_TEAM = V2CWYL9AN8;
				INFOPLIST_FILE = ComposedTests/Info.plist;
				LD_RUNPATH_SEARCH_PATHS = (
					"$(inherited)",
					"@executable_path/Frameworks",
					"@loader_path/Frameworks",
				);
				PRODUCT_BUNDLE_IDENTIFIER = com.152percent.ComposedTests;
				PRODUCT_NAME = "$(TARGET_NAME)";
				SWIFT_VERSION = 4.2;
				TARGETED_DEVICE_FAMILY = "1,2";
				TEST_HOST = "$(BUILT_PRODUCTS_DIR)/Composed.app/Composed";
			};
			name = Debug;
		};
		540221562195C4F800F0E173 /* Release */ = {
			isa = XCBuildConfiguration;
			buildSettings = {
				ALWAYS_EMBED_SWIFT_STANDARD_LIBRARIES = YES;
				CODE_SIGN_STYLE = Automatic;
				DEVELOPMENT_TEAM = V2CWYL9AN8;
				INFOPLIST_FILE = ComposedTests/Info.plist;
				LD_RUNPATH_SEARCH_PATHS = (
					"$(inherited)",
					"@executable_path/Frameworks",
					"@loader_path/Frameworks",
				);
				PRODUCT_BUNDLE_IDENTIFIER = com.152percent.ComposedTests;
				PRODUCT_NAME = "$(TARGET_NAME)";
				SWIFT_VERSION = 4.2;
				TARGETED_DEVICE_FAMILY = "1,2";
				TEST_HOST = "$(BUILT_PRODUCTS_DIR)/Composed.app/Composed";
			};
			name = Release;
		};
/* End XCBuildConfiguration section */

/* Begin XCConfigurationList section */
		5402211A2195C44F00F0E173 /* Build configuration list for PBXProject "Composed" */ = {
			isa = XCConfigurationList;
			buildConfigurations = (
				5402212F2195C45100F0E173 /* Debug */,
				540221302195C45100F0E173 /* Release */,
			);
			defaultConfigurationIsVisible = 0;
			defaultConfigurationName = Release;
		};
		540221312195C45100F0E173 /* Build configuration list for PBXNativeTarget "Playground" */ = {
			isa = XCConfigurationList;
			buildConfigurations = (
				540221322195C45100F0E173 /* Debug */,
				540221332195C45100F0E173 /* Release */,
			);
			defaultConfigurationIsVisible = 0;
			defaultConfigurationName = Release;
		};
		540221502195C4F800F0E173 /* Build configuration list for PBXNativeTarget "Composed" */ = {
			isa = XCConfigurationList;
			buildConfigurations = (
				540221512195C4F800F0E173 /* Debug */,
				540221522195C4F800F0E173 /* Release */,
			);
			defaultConfigurationIsVisible = 0;
			defaultConfigurationName = Release;
		};
		540221542195C4F800F0E173 /* Build configuration list for PBXNativeTarget "ComposedTests" */ = {
			isa = XCConfigurationList;
			buildConfigurations = (
				540221552195C4F800F0E173 /* Debug */,
				540221562195C4F800F0E173 /* Release */,
			);
			defaultConfigurationIsVisible = 0;
			defaultConfigurationName = Release;
		};
/* End XCConfigurationList section */
	};
	rootObject = 540221172195C44F00F0E173 /* Project object */;
}
