// !$*UTF8*$!
{
	archiveVersion = 1;
	classes = {
	};
	objectVersion = 50;
	objects = {

/* Begin PBXBuildFile section */
		5420769022E643D900F8F9C0 /* Composed.h in Headers */ = {isa = PBXBuildFile; fileRef = 5420768E22E643D900F8F9C0 /* Composed.h */; settings = {ATTRIBUTES = (Public, ); }; };
		5420770C22E644AB00F8F9C0 /* SectionedDataSource.swift in Sources */ = {isa = PBXBuildFile; fileRef = 542076E522E644AB00F8F9C0 /* SectionedDataSource.swift */; };
		5420770D22E644AB00F8F9C0 /* SegmentedDataSource.swift in Sources */ = {isa = PBXBuildFile; fileRef = 542076E622E644AB00F8F9C0 /* SegmentedDataSource.swift */; };
		5420770E22E644AB00F8F9C0 /* EmbeddingDataSource.swift in Sources */ = {isa = PBXBuildFile; fileRef = 542076E722E644AB00F8F9C0 /* EmbeddingDataSource.swift */; };
		5420770F22E644AB00F8F9C0 /* SingleElementDataSource.swift in Sources */ = {isa = PBXBuildFile; fileRef = 542076E822E644AB00F8F9C0 /* SingleElementDataSource.swift */; };
		5420771022E644AB00F8F9C0 /* BasicDataSource.swift in Sources */ = {isa = PBXBuildFile; fileRef = 542076E922E644AB00F8F9C0 /* BasicDataSource.swift */; };
		5420771122E644AB00F8F9C0 /* ComposedDataSource.swift in Sources */ = {isa = PBXBuildFile; fileRef = 542076EA22E644AB00F8F9C0 /* ComposedDataSource.swift */; };
		5420771222E644AB00F8F9C0 /* ArrayDataSource.swift in Sources */ = {isa = PBXBuildFile; fileRef = 542076EB22E644AB00F8F9C0 /* ArrayDataSource.swift */; };
		5420771322E644AB00F8F9C0 /* ArrayDataStore.swift in Sources */ = {isa = PBXBuildFile; fileRef = 542076ED22E644AB00F8F9C0 /* ArrayDataStore.swift */; };
		5420771422E644AB00F8F9C0 /* MutableDataStore.swift in Sources */ = {isa = PBXBuildFile; fileRef = 542076EE22E644AB00F8F9C0 /* MutableDataStore.swift */; };
		5420771522E644AB00F8F9C0 /* ManagedDataStore.swift in Sources */ = {isa = PBXBuildFile; fileRef = 542076EF22E644AB00F8F9C0 /* ManagedDataStore.swift */; };
		5420771622E644AB00F8F9C0 /* DataStore.swift in Sources */ = {isa = PBXBuildFile; fileRef = 542076F022E644AB00F8F9C0 /* DataStore.swift */; };
		5420771722E644AB00F8F9C0 /* PhotosDataStore.swift in Sources */ = {isa = PBXBuildFile; fileRef = 542076F122E644AB00F8F9C0 /* PhotosDataStore.swift */; };
		5420771822E644AB00F8F9C0 /* Deprecations.swift in Sources */ = {isa = PBXBuildFile; fileRef = 542076F222E644AB00F8F9C0 /* Deprecations.swift */; };
		5420771922E644AB00F8F9C0 /* AggregateDataSource.swift in Sources */ = {isa = PBXBuildFile; fileRef = 542076F422E644AB00F8F9C0 /* AggregateDataSource.swift */; };
		5420771A22E644AB00F8F9C0 /* CollectionDataSource.swift in Sources */ = {isa = PBXBuildFile; fileRef = 542076F522E644AB00F8F9C0 /* CollectionDataSource.swift */; };
		5420771B22E644AB00F8F9C0 /* DataSource+Handlers.swift in Sources */ = {isa = PBXBuildFile; fileRef = 542076F622E644AB00F8F9C0 /* DataSource+Handlers.swift */; };
		5420771C22E644AB00F8F9C0 /* CollectionUIProvidingDataSource.swift in Sources */ = {isa = PBXBuildFile; fileRef = 542076F722E644AB00F8F9C0 /* CollectionUIProvidingDataSource.swift */; };
		5420771D22E644AB00F8F9C0 /* GlobalViewsProvidingDataSource.swift in Sources */ = {isa = PBXBuildFile; fileRef = 542076F822E644AB00F8F9C0 /* GlobalViewsProvidingDataSource.swift */; };
		5420771E22E644AB00F8F9C0 /* DataSource.swift in Sources */ = {isa = PBXBuildFile; fileRef = 542076F922E644AB00F8F9C0 /* DataSource.swift */; };
		5420772022E644AB00F8F9C0 /* DataSourceHeaderFooterView.swift in Sources */ = {isa = PBXBuildFile; fileRef = 542076FC22E644AB00F8F9C0 /* DataSourceHeaderFooterView.swift */; };
		5420772122E644AB00F8F9C0 /* DataSourceCoordinator.swift in Sources */ = {isa = PBXBuildFile; fileRef = 542076FD22E644AB00F8F9C0 /* DataSourceCoordinator.swift */; };
		5420772222E644AB00F8F9C0 /* DataSourceViewController.swift in Sources */ = {isa = PBXBuildFile; fileRef = 542076FE22E644AB00F8F9C0 /* DataSourceViewController.swift */; };
		5420772322E644AB00F8F9C0 /* EmbeddedDataSourceCell.swift in Sources */ = {isa = PBXBuildFile; fileRef = 542076FF22E644AB00F8F9C0 /* EmbeddedDataSourceCell.swift */; };
		5420772422E644AB00F8F9C0 /* CollectionUIViewProvider.swift in Sources */ = {isa = PBXBuildFile; fileRef = 5420770022E644AB00F8F9C0 /* CollectionUIViewProvider.swift */; };
		5420772522E644AB00F8F9C0 /* DataSourceInvalidationContext.swift in Sources */ = {isa = PBXBuildFile; fileRef = 5420770122E644AB00F8F9C0 /* DataSourceInvalidationContext.swift */; };
		5420772622E644AB00F8F9C0 /* DataSourceChangeSet.swift in Sources */ = {isa = PBXBuildFile; fileRef = 5420770322E644AB00F8F9C0 /* DataSourceChangeSet.swift */; };
		5420772722E644AB00F8F9C0 /* DataSourceHashableWrapper.swift in Sources */ = {isa = PBXBuildFile; fileRef = 5420770422E644AB00F8F9C0 /* DataSourceHashableWrapper.swift */; };
		5420772822E644AB00F8F9C0 /* NoSizingStrategy.swift in Sources */ = {isa = PBXBuildFile; fileRef = 5420770522E644AB00F8F9C0 /* NoSizingStrategy.swift */; };
		5420772922E644AB00F8F9C0 /* ComposedMappings.swift in Sources */ = {isa = PBXBuildFile; fileRef = 5420770622E644AB00F8F9C0 /* ComposedMappings.swift */; };
		5420772A22E644AB00F8F9C0 /* CollectionUISizingStrategy.swift in Sources */ = {isa = PBXBuildFile; fileRef = 5420770722E644AB00F8F9C0 /* CollectionUISizingStrategy.swift */; };
		5420772B22E644AB00F8F9C0 /* CarouselSizingStrategy.swift in Sources */ = {isa = PBXBuildFile; fileRef = 5420770822E644AB00F8F9C0 /* CarouselSizingStrategy.swift */; };
		5420772C22E644AB00F8F9C0 /* ComposedChangeDetails.swift in Sources */ = {isa = PBXBuildFile; fileRef = 5420770922E644AB00F8F9C0 /* ComposedChangeDetails.swift */; };
		5420772D22E644AB00F8F9C0 /* ReusableViewNibLoadable.swift in Sources */ = {isa = PBXBuildFile; fileRef = 5420770A22E644AB00F8F9C0 /* ReusableViewNibLoadable.swift */; };
		5420772E22E644AB00F8F9C0 /* ColumnSizingStrategy.swift in Sources */ = {isa = PBXBuildFile; fileRef = 5420770B22E644AB00F8F9C0 /* ColumnSizingStrategy.swift */; };
		54F1133E22F354130062138C /* FlowLayout.framework in Frameworks */ = {isa = PBXBuildFile; fileRef = 54DEBB2F22E9C6C40043C8AA /* FlowLayout.framework */; };
/* End PBXBuildFile section */

/* Begin PBXFileReference section */
		5420768B22E643D900F8F9C0 /* Composed.framework */ = {isa = PBXFileReference; explicitFileType = wrapper.framework; includeInIndex = 0; path = Composed.framework; sourceTree = BUILT_PRODUCTS_DIR; };
		5420768E22E643D900F8F9C0 /* Composed.h */ = {isa = PBXFileReference; lastKnownFileType = sourcecode.c.h; path = Composed.h; sourceTree = "<group>"; };
		5420768F22E643D900F8F9C0 /* Info.plist */ = {isa = PBXFileReference; lastKnownFileType = text.plist.xml; path = Info.plist; sourceTree = "<group>"; };
		542076E522E644AB00F8F9C0 /* SectionedDataSource.swift */ = {isa = PBXFileReference; fileEncoding = 4; lastKnownFileType = sourcecode.swift; path = SectionedDataSource.swift; sourceTree = "<group>"; };
		542076E622E644AB00F8F9C0 /* SegmentedDataSource.swift */ = {isa = PBXFileReference; fileEncoding = 4; lastKnownFileType = sourcecode.swift; path = SegmentedDataSource.swift; sourceTree = "<group>"; };
		542076E722E644AB00F8F9C0 /* EmbeddingDataSource.swift */ = {isa = PBXFileReference; fileEncoding = 4; lastKnownFileType = sourcecode.swift; path = EmbeddingDataSource.swift; sourceTree = "<group>"; };
		542076E822E644AB00F8F9C0 /* SingleElementDataSource.swift */ = {isa = PBXFileReference; fileEncoding = 4; lastKnownFileType = sourcecode.swift; path = SingleElementDataSource.swift; sourceTree = "<group>"; };
		542076E922E644AB00F8F9C0 /* BasicDataSource.swift */ = {isa = PBXFileReference; fileEncoding = 4; lastKnownFileType = sourcecode.swift; path = BasicDataSource.swift; sourceTree = "<group>"; };
		542076EA22E644AB00F8F9C0 /* ComposedDataSource.swift */ = {isa = PBXFileReference; fileEncoding = 4; lastKnownFileType = sourcecode.swift; path = ComposedDataSource.swift; sourceTree = "<group>"; };
		542076EB22E644AB00F8F9C0 /* ArrayDataSource.swift */ = {isa = PBXFileReference; fileEncoding = 4; lastKnownFileType = sourcecode.swift; path = ArrayDataSource.swift; sourceTree = "<group>"; };
		542076ED22E644AB00F8F9C0 /* ArrayDataStore.swift */ = {isa = PBXFileReference; fileEncoding = 4; lastKnownFileType = sourcecode.swift; path = ArrayDataStore.swift; sourceTree = "<group>"; };
		542076EE22E644AB00F8F9C0 /* MutableDataStore.swift */ = {isa = PBXFileReference; fileEncoding = 4; lastKnownFileType = sourcecode.swift; path = MutableDataStore.swift; sourceTree = "<group>"; };
		542076EF22E644AB00F8F9C0 /* ManagedDataStore.swift */ = {isa = PBXFileReference; fileEncoding = 4; lastKnownFileType = sourcecode.swift; path = ManagedDataStore.swift; sourceTree = "<group>"; };
		542076F022E644AB00F8F9C0 /* DataStore.swift */ = {isa = PBXFileReference; fileEncoding = 4; lastKnownFileType = sourcecode.swift; path = DataStore.swift; sourceTree = "<group>"; };
		542076F122E644AB00F8F9C0 /* PhotosDataStore.swift */ = {isa = PBXFileReference; fileEncoding = 4; lastKnownFileType = sourcecode.swift; path = PhotosDataStore.swift; sourceTree = "<group>"; };
		542076F222E644AB00F8F9C0 /* Deprecations.swift */ = {isa = PBXFileReference; fileEncoding = 4; lastKnownFileType = sourcecode.swift; path = Deprecations.swift; sourceTree = "<group>"; };
		542076F422E644AB00F8F9C0 /* AggregateDataSource.swift */ = {isa = PBXFileReference; fileEncoding = 4; lastKnownFileType = sourcecode.swift; path = AggregateDataSource.swift; sourceTree = "<group>"; };
		542076F522E644AB00F8F9C0 /* CollectionDataSource.swift */ = {isa = PBXFileReference; fileEncoding = 4; lastKnownFileType = sourcecode.swift; path = CollectionDataSource.swift; sourceTree = "<group>"; };
		542076F622E644AB00F8F9C0 /* DataSource+Handlers.swift */ = {isa = PBXFileReference; fileEncoding = 4; lastKnownFileType = sourcecode.swift; path = "DataSource+Handlers.swift"; sourceTree = "<group>"; };
		542076F722E644AB00F8F9C0 /* CollectionUIProvidingDataSource.swift */ = {isa = PBXFileReference; fileEncoding = 4; lastKnownFileType = sourcecode.swift; path = CollectionUIProvidingDataSource.swift; sourceTree = "<group>"; };
		542076F822E644AB00F8F9C0 /* GlobalViewsProvidingDataSource.swift */ = {isa = PBXFileReference; fileEncoding = 4; lastKnownFileType = sourcecode.swift; path = GlobalViewsProvidingDataSource.swift; sourceTree = "<group>"; };
		542076F922E644AB00F8F9C0 /* DataSource.swift */ = {isa = PBXFileReference; fileEncoding = 4; lastKnownFileType = sourcecode.swift; path = DataSource.swift; sourceTree = "<group>"; };
		542076FC22E644AB00F8F9C0 /* DataSourceHeaderFooterView.swift */ = {isa = PBXFileReference; fileEncoding = 4; lastKnownFileType = sourcecode.swift; path = DataSourceHeaderFooterView.swift; sourceTree = "<group>"; };
		542076FD22E644AB00F8F9C0 /* DataSourceCoordinator.swift */ = {isa = PBXFileReference; fileEncoding = 4; lastKnownFileType = sourcecode.swift; path = DataSourceCoordinator.swift; sourceTree = "<group>"; };
		542076FE22E644AB00F8F9C0 /* DataSourceViewController.swift */ = {isa = PBXFileReference; fileEncoding = 4; lastKnownFileType = sourcecode.swift; path = DataSourceViewController.swift; sourceTree = "<group>"; };
		542076FF22E644AB00F8F9C0 /* EmbeddedDataSourceCell.swift */ = {isa = PBXFileReference; fileEncoding = 4; lastKnownFileType = sourcecode.swift; path = EmbeddedDataSourceCell.swift; sourceTree = "<group>"; };
		5420770022E644AB00F8F9C0 /* CollectionUIViewProvider.swift */ = {isa = PBXFileReference; fileEncoding = 4; lastKnownFileType = sourcecode.swift; path = CollectionUIViewProvider.swift; sourceTree = "<group>"; };
		5420770122E644AB00F8F9C0 /* DataSourceInvalidationContext.swift */ = {isa = PBXFileReference; fileEncoding = 4; lastKnownFileType = sourcecode.swift; path = DataSourceInvalidationContext.swift; sourceTree = "<group>"; };
		5420770322E644AB00F8F9C0 /* DataSourceChangeSet.swift */ = {isa = PBXFileReference; fileEncoding = 4; lastKnownFileType = sourcecode.swift; path = DataSourceChangeSet.swift; sourceTree = "<group>"; };
		5420770422E644AB00F8F9C0 /* DataSourceHashableWrapper.swift */ = {isa = PBXFileReference; fileEncoding = 4; lastKnownFileType = sourcecode.swift; path = DataSourceHashableWrapper.swift; sourceTree = "<group>"; };
		5420770522E644AB00F8F9C0 /* NoSizingStrategy.swift */ = {isa = PBXFileReference; fileEncoding = 4; lastKnownFileType = sourcecode.swift; path = NoSizingStrategy.swift; sourceTree = "<group>"; };
		5420770622E644AB00F8F9C0 /* ComposedMappings.swift */ = {isa = PBXFileReference; fileEncoding = 4; lastKnownFileType = sourcecode.swift; path = ComposedMappings.swift; sourceTree = "<group>"; };
		5420770722E644AB00F8F9C0 /* CollectionUISizingStrategy.swift */ = {isa = PBXFileReference; fileEncoding = 4; lastKnownFileType = sourcecode.swift; path = CollectionUISizingStrategy.swift; sourceTree = "<group>"; };
		5420770822E644AB00F8F9C0 /* CarouselSizingStrategy.swift */ = {isa = PBXFileReference; fileEncoding = 4; lastKnownFileType = sourcecode.swift; path = CarouselSizingStrategy.swift; sourceTree = "<group>"; };
		5420770922E644AB00F8F9C0 /* ComposedChangeDetails.swift */ = {isa = PBXFileReference; fileEncoding = 4; lastKnownFileType = sourcecode.swift; path = ComposedChangeDetails.swift; sourceTree = "<group>"; };
		5420770A22E644AB00F8F9C0 /* ReusableViewNibLoadable.swift */ = {isa = PBXFileReference; fileEncoding = 4; lastKnownFileType = sourcecode.swift; path = ReusableViewNibLoadable.swift; sourceTree = "<group>"; };
		5420770B22E644AB00F8F9C0 /* ColumnSizingStrategy.swift */ = {isa = PBXFileReference; fileEncoding = 4; lastKnownFileType = sourcecode.swift; path = ColumnSizingStrategy.swift; sourceTree = "<group>"; };
		54DEBB2F22E9C6C40043C8AA /* FlowLayout.framework */ = {isa = PBXFileReference; lastKnownFileType = wrapper.framework; name = FlowLayout.framework; path = ../../../../System/Volumes/Data/Users/shaps/Projects/Composed/Carthage/Build/iOS/FlowLayout.framework; sourceTree = "<group>"; };
/* End PBXFileReference section */

/* Begin PBXFrameworksBuildPhase section */
		5420768822E643D900F8F9C0 /* Frameworks */ = {
			isa = PBXFrameworksBuildPhase;
			buildActionMask = 2147483647;
			files = (
				54F1133E22F354130062138C /* FlowLayout.framework in Frameworks */,
			);
			runOnlyForDeploymentPostprocessing = 0;
		};
/* End PBXFrameworksBuildPhase section */

/* Begin PBXGroup section */
		5420768C22E643D900F8F9C0 /* Products */ = {
			isa = PBXGroup;
			children = (
				5420768B22E643D900F8F9C0 /* Composed.framework */,
			);
			name = Products;
			sourceTree = "<group>";
		};
		5420768D22E643D900F8F9C0 /* Composed */ = {
			isa = PBXGroup;
			children = (
				542076E222E644AB00F8F9C0 /* Sources */,
				5420768E22E643D900F8F9C0 /* Composed.h */,
				5420768F22E643D900F8F9C0 /* Info.plist */,
			);
			path = Composed;
			sourceTree = "<group>";
		};
		542076E222E644AB00F8F9C0 /* Sources */ = {
			isa = PBXGroup;
			children = (
				542076E322E644AB00F8F9C0 /* Core */,
				542076FA22E644AB00F8F9C0 /* Views */,
				5420770222E644AB00F8F9C0 /* Helpers */,
			);
			path = Sources;
			sourceTree = SOURCE_ROOT;
		};
		542076E322E644AB00F8F9C0 /* Core */ = {
			isa = PBXGroup;
			children = (
				542076E422E644AB00F8F9C0 /* DataSources */,
				542076EC22E644AB00F8F9C0 /* DataStores */,
				542076F222E644AB00F8F9C0 /* Deprecations.swift */,
				542076F322E644AB00F8F9C0 /* Protocols */,
			);
			path = Core;
			sourceTree = "<group>";
		};
		542076E422E644AB00F8F9C0 /* DataSources */ = {
			isa = PBXGroup;
			children = (
				542076E522E644AB00F8F9C0 /* SectionedDataSource.swift */,
				542076E622E644AB00F8F9C0 /* SegmentedDataSource.swift */,
				542076E722E644AB00F8F9C0 /* EmbeddingDataSource.swift */,
				542076E822E644AB00F8F9C0 /* SingleElementDataSource.swift */,
				542076E922E644AB00F8F9C0 /* BasicDataSource.swift */,
				542076EA22E644AB00F8F9C0 /* ComposedDataSource.swift */,
				542076EB22E644AB00F8F9C0 /* ArrayDataSource.swift */,
			);
			path = DataSources;
			sourceTree = "<group>";
		};
		542076EC22E644AB00F8F9C0 /* DataStores */ = {
			isa = PBXGroup;
			children = (
				542076ED22E644AB00F8F9C0 /* ArrayDataStore.swift */,
				542076EE22E644AB00F8F9C0 /* MutableDataStore.swift */,
				542076EF22E644AB00F8F9C0 /* ManagedDataStore.swift */,
				542076F022E644AB00F8F9C0 /* DataStore.swift */,
				542076F122E644AB00F8F9C0 /* PhotosDataStore.swift */,
			);
			path = DataStores;
			sourceTree = "<group>";
		};
		542076F322E644AB00F8F9C0 /* Protocols */ = {
			isa = PBXGroup;
			children = (
				542076F422E644AB00F8F9C0 /* AggregateDataSource.swift */,
				542076F522E644AB00F8F9C0 /* CollectionDataSource.swift */,
				542076F622E644AB00F8F9C0 /* DataSource+Handlers.swift */,
				542076F722E644AB00F8F9C0 /* CollectionUIProvidingDataSource.swift */,
				542076F822E644AB00F8F9C0 /* GlobalViewsProvidingDataSource.swift */,
				542076F922E644AB00F8F9C0 /* DataSource.swift */,
			);
			path = Protocols;
			sourceTree = "<group>";
		};
		542076FA22E644AB00F8F9C0 /* Views */ = {
			isa = PBXGroup;
			children = (
				542076FD22E644AB00F8F9C0 /* DataSourceCoordinator.swift */,
				542076FC22E644AB00F8F9C0 /* DataSourceHeaderFooterView.swift */,
				542076FE22E644AB00F8F9C0 /* DataSourceViewController.swift */,
				542076FF22E644AB00F8F9C0 /* EmbeddedDataSourceCell.swift */,
				5420770022E644AB00F8F9C0 /* CollectionUIViewProvider.swift */,
				5420770122E644AB00F8F9C0 /* DataSourceInvalidationContext.swift */,
			);
			path = Views;
			sourceTree = "<group>";
		};
		5420770222E644AB00F8F9C0 /* Helpers */ = {
			isa = PBXGroup;
			children = (
				5420770322E644AB00F8F9C0 /* DataSourceChangeSet.swift */,
				5420770422E644AB00F8F9C0 /* DataSourceHashableWrapper.swift */,
				5420770522E644AB00F8F9C0 /* NoSizingStrategy.swift */,
				5420770622E644AB00F8F9C0 /* ComposedMappings.swift */,
				5420770722E644AB00F8F9C0 /* CollectionUISizingStrategy.swift */,
				5420770822E644AB00F8F9C0 /* CarouselSizingStrategy.swift */,
				5420770922E644AB00F8F9C0 /* ComposedChangeDetails.swift */,
				5420770A22E644AB00F8F9C0 /* ReusableViewNibLoadable.swift */,
				5420770B22E644AB00F8F9C0 /* ColumnSizingStrategy.swift */,
			);
			path = Helpers;
			sourceTree = "<group>";
		};
		542463FF22E642BD00080A9F = {
			isa = PBXGroup;
			children = (
				5420768D22E643D900F8F9C0 /* Composed */,
				5420768C22E643D900F8F9C0 /* Products */,
				54DEBB2C22E9C6B30043C8AA /* Frameworks */,
			);
			sourceTree = "<group>";
		};
		54DEBB2C22E9C6B30043C8AA /* Frameworks */ = {
			isa = PBXGroup;
			children = (
				54DEBB2F22E9C6C40043C8AA /* FlowLayout.framework */,
			);
			name = Frameworks;
			sourceTree = "<group>";
		};
/* End PBXGroup section */

/* Begin PBXHeadersBuildPhase section */
		5420768622E643D900F8F9C0 /* Headers */ = {
			isa = PBXHeadersBuildPhase;
			buildActionMask = 2147483647;
			files = (
				5420769022E643D900F8F9C0 /* Composed.h in Headers */,
			);
			runOnlyForDeploymentPostprocessing = 0;
		};
/* End PBXHeadersBuildPhase section */

/* Begin PBXNativeTarget section */
		5420768A22E643D900F8F9C0 /* Composed */ = {
			isa = PBXNativeTarget;
			buildConfigurationList = 5420769322E643D900F8F9C0 /* Build configuration list for PBXNativeTarget "Composed" */;
			buildPhases = (
				5420768622E643D900F8F9C0 /* Headers */,
				5420768722E643D900F8F9C0 /* Sources */,
				5420768822E643D900F8F9C0 /* Frameworks */,
				5420768922E643D900F8F9C0 /* Resources */,
			);
			buildRules = (
			);
			dependencies = (
			);
			name = Composed;
			productName = Composed;
			productReference = 5420768B22E643D900F8F9C0 /* Composed.framework */;
			productType = "com.apple.product-type.framework";
		};
/* End PBXNativeTarget section */

/* Begin PBXProject section */
		5424640022E642BD00080A9F /* Project object */ = {
			isa = PBXProject;
			attributes = {
				LastUpgradeCheck = 1100;
				TargetAttributes = {
					5420768A22E643D900F8F9C0 = {
						CreatedOnToolsVersion = 11.0;
					};
				};
			};
			buildConfigurationList = 5424640322E642BD00080A9F /* Build configuration list for PBXProject "Composed" */;
			compatibilityVersion = "Xcode 9.3";
			developmentRegion = en;
			hasScannedForEncodings = 0;
			knownRegions = (
				en,
				Base,
			);
			mainGroup = 542463FF22E642BD00080A9F;
			productRefGroup = 5420768C22E643D900F8F9C0 /* Products */;
			projectDirPath = "";
			projectRoot = "";
			targets = (
				5420768A22E643D900F8F9C0 /* Composed */,
			);
		};
/* End PBXProject section */

/* Begin PBXResourcesBuildPhase section */
		5420768922E643D900F8F9C0 /* Resources */ = {
			isa = PBXResourcesBuildPhase;
			buildActionMask = 2147483647;
			files = (
			);
			runOnlyForDeploymentPostprocessing = 0;
		};
/* End PBXResourcesBuildPhase section */

/* Begin PBXSourcesBuildPhase section */
		5420768722E643D900F8F9C0 /* Sources */ = {
			isa = PBXSourcesBuildPhase;
			buildActionMask = 2147483647;
			files = (
				5420771722E644AB00F8F9C0 /* PhotosDataStore.swift in Sources */,
				5420771122E644AB00F8F9C0 /* ComposedDataSource.swift in Sources */,
				5420772322E644AB00F8F9C0 /* EmbeddedDataSourceCell.swift in Sources */,
				5420772622E644AB00F8F9C0 /* DataSourceChangeSet.swift in Sources */,
				5420770C22E644AB00F8F9C0 /* SectionedDataSource.swift in Sources */,
				5420770D22E644AB00F8F9C0 /* SegmentedDataSource.swift in Sources */,
				5420772B22E644AB00F8F9C0 /* CarouselSizingStrategy.swift in Sources */,
				5420772D22E644AB00F8F9C0 /* ReusableViewNibLoadable.swift in Sources */,
				5420771C22E644AB00F8F9C0 /* CollectionUIProvidingDataSource.swift in Sources */,
				5420772222E644AB00F8F9C0 /* DataSourceViewController.swift in Sources */,
				5420771022E644AB00F8F9C0 /* BasicDataSource.swift in Sources */,
				5420771E22E644AB00F8F9C0 /* DataSource.swift in Sources */,
				5420772A22E644AB00F8F9C0 /* CollectionUISizingStrategy.swift in Sources */,
				5420772422E644AB00F8F9C0 /* CollectionUIViewProvider.swift in Sources */,
				5420771622E644AB00F8F9C0 /* DataStore.swift in Sources */,
				5420772922E644AB00F8F9C0 /* ComposedMappings.swift in Sources */,
				5420771922E644AB00F8F9C0 /* AggregateDataSource.swift in Sources */,
				5420772522E644AB00F8F9C0 /* DataSourceInvalidationContext.swift in Sources */,
				5420772122E644AB00F8F9C0 /* DataSourceCoordinator.swift in Sources */,
				5420771222E644AB00F8F9C0 /* ArrayDataSource.swift in Sources */,
				5420772022E644AB00F8F9C0 /* DataSourceHeaderFooterView.swift in Sources */,
				5420771322E644AB00F8F9C0 /* ArrayDataStore.swift in Sources */,
				5420770E22E644AB00F8F9C0 /* EmbeddingDataSource.swift in Sources */,
				5420771D22E644AB00F8F9C0 /* GlobalViewsProvidingDataSource.swift in Sources */,
				5420771422E644AB00F8F9C0 /* MutableDataStore.swift in Sources */,
				5420772822E644AB00F8F9C0 /* NoSizingStrategy.swift in Sources */,
				5420772722E644AB00F8F9C0 /* DataSourceHashableWrapper.swift in Sources */,
				5420771B22E644AB00F8F9C0 /* DataSource+Handlers.swift in Sources */,
				5420770F22E644AB00F8F9C0 /* SingleElementDataSource.swift in Sources */,
				5420772C22E644AB00F8F9C0 /* ComposedChangeDetails.swift in Sources */,
				5420771822E644AB00F8F9C0 /* Deprecations.swift in Sources */,
				5420771522E644AB00F8F9C0 /* ManagedDataStore.swift in Sources */,
				5420772E22E644AB00F8F9C0 /* ColumnSizingStrategy.swift in Sources */,
				5420771A22E644AB00F8F9C0 /* CollectionDataSource.swift in Sources */,
			);
			runOnlyForDeploymentPostprocessing = 0;
		};
/* End PBXSourcesBuildPhase section */

/* Begin XCBuildConfiguration section */
		5420769122E643D900F8F9C0 /* Debug */ = {
			isa = XCBuildConfiguration;
			buildSettings = {
				ALWAYS_SEARCH_USER_PATHS = NO;
				CLANG_ANALYZER_NONNULL = YES;
				CLANG_ANALYZER_NUMBER_OBJECT_CONVERSION = YES_AGGRESSIVE;
				CLANG_CXX_LANGUAGE_STANDARD = "gnu++14";
				CLANG_CXX_LIBRARY = "libc++";
				CLANG_ENABLE_MODULES = YES;
				CLANG_ENABLE_OBJC_ARC = YES;
				CLANG_ENABLE_OBJC_WEAK = YES;
				CLANG_WARN_BLOCK_CAPTURE_AUTORELEASING = YES;
				CLANG_WARN_BOOL_CONVERSION = YES;
				CLANG_WARN_COMMA = YES;
				CLANG_WARN_CONSTANT_CONVERSION = YES;
				CLANG_WARN_DEPRECATED_OBJC_IMPLEMENTATIONS = YES;
				CLANG_WARN_DIRECT_OBJC_ISA_USAGE = YES_ERROR;
				CLANG_WARN_DOCUMENTATION_COMMENTS = YES;
				CLANG_WARN_EMPTY_BODY = YES;
				CLANG_WARN_ENUM_CONVERSION = YES;
				CLANG_WARN_INFINITE_RECURSION = YES;
				CLANG_WARN_INT_CONVERSION = YES;
				CLANG_WARN_NON_LITERAL_NULL_CONVERSION = YES;
				CLANG_WARN_OBJC_IMPLICIT_RETAIN_SELF = YES;
				CLANG_WARN_OBJC_LITERAL_CONVERSION = YES;
				CLANG_WARN_OBJC_ROOT_CLASS = YES_ERROR;
				CLANG_WARN_RANGE_LOOP_ANALYSIS = YES;
				CLANG_WARN_STRICT_PROTOTYPES = YES;
				CLANG_WARN_SUSPICIOUS_MOVE = YES;
				CLANG_WARN_UNGUARDED_AVAILABILITY = YES_AGGRESSIVE;
				CLANG_WARN_UNREACHABLE_CODE = YES;
				CLANG_WARN__DUPLICATE_METHOD_MATCH = YES;
				CODE_SIGN_STYLE = Automatic;
				COPY_PHASE_STRIP = NO;
				CURRENT_PROJECT_VERSION = 1;
				DEBUG_INFORMATION_FORMAT = dwarf;
				DEFINES_MODULE = YES;
				DEVELOPMENT_TEAM = XD2B49EJ3F;
				DYLIB_COMPATIBILITY_VERSION = 1;
				DYLIB_CURRENT_VERSION = 1;
				DYLIB_INSTALL_NAME_BASE = "@rpath";
				ENABLE_STRICT_OBJC_MSGSEND = YES;
				ENABLE_TESTABILITY = YES;
				FRAMEWORK_SEARCH_PATHS = "$(PROJECT_DIR)/Carthage/Build/iOS";
				GCC_C_LANGUAGE_STANDARD = gnu11;
				GCC_DYNAMIC_NO_PIC = NO;
				GCC_NO_COMMON_BLOCKS = YES;
				GCC_OPTIMIZATION_LEVEL = 0;
				GCC_PREPROCESSOR_DEFINITIONS = (
					"DEBUG=1",
					"$(inherited)",
				);
				GCC_WARN_64_TO_32_BIT_CONVERSION = YES;
				GCC_WARN_ABOUT_RETURN_TYPE = YES_ERROR;
				GCC_WARN_UNDECLARED_SELECTOR = YES;
				GCC_WARN_UNINITIALIZED_AUTOS = YES_AGGRESSIVE;
				GCC_WARN_UNUSED_FUNCTION = YES;
				GCC_WARN_UNUSED_VARIABLE = YES;
				INFOPLIST_FILE = Composed/Info.plist;
				INSTALL_PATH = "$(LOCAL_LIBRARY_DIR)/Frameworks";
				LD_RUNPATH_SEARCH_PATHS = (
					"$(inherited)",
					"@executable_path/Frameworks",
					"@loader_path/Frameworks",
				);
				MTL_ENABLE_DEBUG_INFO = INCLUDE_SOURCE;
				MTL_FAST_MATH = YES;
				ONLY_ACTIVE_ARCH = YES;
				PRODUCT_BUNDLE_IDENTIFIER = com.thread.Composed;
				PRODUCT_NAME = "$(TARGET_NAME:c99extidentifier)";
				SDKROOT = iphoneos;
				SKIP_INSTALL = YES;
				SWIFT_ACTIVE_COMPILATION_CONDITIONS = DEBUG;
				SWIFT_OPTIMIZATION_LEVEL = "-Onone";
				SWIFT_VERSION = 5.0;
				TARGETED_DEVICE_FAMILY = "1,2";
				VERSIONING_SYSTEM = "apple-generic";
				VERSION_INFO_PREFIX = "";
			};
			name = Debug;
		};
		5420769222E643D900F8F9C0 /* Release */ = {
			isa = XCBuildConfiguration;
			buildSettings = {
				ALWAYS_SEARCH_USER_PATHS = NO;
				CLANG_ANALYZER_NONNULL = YES;
				CLANG_ANALYZER_NUMBER_OBJECT_CONVERSION = YES_AGGRESSIVE;
				CLANG_CXX_LANGUAGE_STANDARD = "gnu++14";
				CLANG_CXX_LIBRARY = "libc++";
				CLANG_ENABLE_MODULES = YES;
				CLANG_ENABLE_OBJC_ARC = YES;
				CLANG_ENABLE_OBJC_WEAK = YES;
				CLANG_WARN_BLOCK_CAPTURE_AUTORELEASING = YES;
				CLANG_WARN_BOOL_CONVERSION = YES;
				CLANG_WARN_COMMA = YES;
				CLANG_WARN_CONSTANT_CONVERSION = YES;
				CLANG_WARN_DEPRECATED_OBJC_IMPLEMENTATIONS = YES;
				CLANG_WARN_DIRECT_OBJC_ISA_USAGE = YES_ERROR;
				CLANG_WARN_DOCUMENTATION_COMMENTS = YES;
				CLANG_WARN_EMPTY_BODY = YES;
				CLANG_WARN_ENUM_CONVERSION = YES;
				CLANG_WARN_INFINITE_RECURSION = YES;
				CLANG_WARN_INT_CONVERSION = YES;
				CLANG_WARN_NON_LITERAL_NULL_CONVERSION = YES;
				CLANG_WARN_OBJC_IMPLICIT_RETAIN_SELF = YES;
				CLANG_WARN_OBJC_LITERAL_CONVERSION = YES;
				CLANG_WARN_OBJC_ROOT_CLASS = YES_ERROR;
				CLANG_WARN_RANGE_LOOP_ANALYSIS = YES;
				CLANG_WARN_STRICT_PROTOTYPES = YES;
				CLANG_WARN_SUSPICIOUS_MOVE = YES;
				CLANG_WARN_UNGUARDED_AVAILABILITY = YES_AGGRESSIVE;
				CLANG_WARN_UNREACHABLE_CODE = YES;
				CLANG_WARN__DUPLICATE_METHOD_MATCH = YES;
				CODE_SIGN_STYLE = Automatic;
				COPY_PHASE_STRIP = NO;
				CURRENT_PROJECT_VERSION = 1;
				DEBUG_INFORMATION_FORMAT = "dwarf-with-dsym";
				DEFINES_MODULE = YES;
				DEVELOPMENT_TEAM = XD2B49EJ3F;
				DYLIB_COMPATIBILITY_VERSION = 1;
				DYLIB_CURRENT_VERSION = 1;
				DYLIB_INSTALL_NAME_BASE = "@rpath";
				ENABLE_NS_ASSERTIONS = NO;
				ENABLE_STRICT_OBJC_MSGSEND = YES;
				FRAMEWORK_SEARCH_PATHS = "$(PROJECT_DIR)/Carthage/Build/iOS";
				GCC_C_LANGUAGE_STANDARD = gnu11;
				GCC_NO_COMMON_BLOCKS = YES;
				GCC_WARN_64_TO_32_BIT_CONVERSION = YES;
				GCC_WARN_ABOUT_RETURN_TYPE = YES_ERROR;
				GCC_WARN_UNDECLARED_SELECTOR = YES;
				GCC_WARN_UNINITIALIZED_AUTOS = YES_AGGRESSIVE;
				GCC_WARN_UNUSED_FUNCTION = YES;
				GCC_WARN_UNUSED_VARIABLE = YES;
				INFOPLIST_FILE = Composed/Info.plist;
				INSTALL_PATH = "$(LOCAL_LIBRARY_DIR)/Frameworks";
				LD_RUNPATH_SEARCH_PATHS = (
					"$(inherited)",
					"@executable_path/Frameworks",
					"@loader_path/Frameworks",
				);
				MTL_ENABLE_DEBUG_INFO = NO;
				MTL_FAST_MATH = YES;
				PRODUCT_BUNDLE_IDENTIFIER = com.thread.Composed;
				PRODUCT_NAME = "$(TARGET_NAME:c99extidentifier)";
				SDKROOT = iphoneos;
				SKIP_INSTALL = YES;
				SWIFT_COMPILATION_MODE = wholemodule;
				SWIFT_OPTIMIZATION_LEVEL = "-O";
				SWIFT_VERSION = 5.0;
				TARGETED_DEVICE_FAMILY = "1,2";
				VALIDATE_PRODUCT = YES;
				VERSIONING_SYSTEM = "apple-generic";
				VERSION_INFO_PREFIX = "";
			};
			name = Release;
		};
		5424640422E642BD00080A9F /* Debug */ = {
			isa = XCBuildConfiguration;
			buildSettings = {
				CLANG_WARN_BLOCK_CAPTURE_AUTORELEASING = YES;
				CLANG_WARN_BOOL_CONVERSION = YES;
				CLANG_WARN_COMMA = YES;
				CLANG_WARN_CONSTANT_CONVERSION = YES;
				CLANG_WARN_DEPRECATED_OBJC_IMPLEMENTATIONS = YES;
				CLANG_WARN_EMPTY_BODY = YES;
				CLANG_WARN_ENUM_CONVERSION = YES;
				CLANG_WARN_INFINITE_RECURSION = YES;
				CLANG_WARN_INT_CONVERSION = YES;
				CLANG_WARN_NON_LITERAL_NULL_CONVERSION = YES;
				CLANG_WARN_OBJC_IMPLICIT_RETAIN_SELF = YES;
				CLANG_WARN_OBJC_LITERAL_CONVERSION = YES;
				CLANG_WARN_RANGE_LOOP_ANALYSIS = YES;
				CLANG_WARN_STRICT_PROTOTYPES = YES;
				CLANG_WARN_SUSPICIOUS_MOVE = YES;
				CLANG_WARN_UNREACHABLE_CODE = YES;
				CLANG_WARN__DUPLICATE_METHOD_MATCH = YES;
				ENABLE_STRICT_OBJC_MSGSEND = YES;
				ENABLE_TESTABILITY = YES;
				GCC_NO_COMMON_BLOCKS = YES;
				GCC_WARN_64_TO_32_BIT_CONVERSION = YES;
				GCC_WARN_ABOUT_RETURN_TYPE = YES;
				GCC_WARN_UNDECLARED_SELECTOR = YES;
				GCC_WARN_UNINITIALIZED_AUTOS = YES;
				GCC_WARN_UNUSED_FUNCTION = YES;
				GCC_WARN_UNUSED_VARIABLE = YES;
				IPHONEOS_DEPLOYMENT_TARGET = 11.0;
				ONLY_ACTIVE_ARCH = YES;
			};
			name = Debug;
		};
		5424640522E642BD00080A9F /* Release */ = {
			isa = XCBuildConfiguration;
			buildSettings = {
				CLANG_WARN_BLOCK_CAPTURE_AUTORELEASING = YES;
				CLANG_WARN_BOOL_CONVERSION = YES;
				CLANG_WARN_COMMA = YES;
				CLANG_WARN_CONSTANT_CONVERSION = YES;
				CLANG_WARN_DEPRECATED_OBJC_IMPLEMENTATIONS = YES;
				CLANG_WARN_EMPTY_BODY = YES;
				CLANG_WARN_ENUM_CONVERSION = YES;
				CLANG_WARN_INFINITE_RECURSION = YES;
				CLANG_WARN_INT_CONVERSION = YES;
				CLANG_WARN_NON_LITERAL_NULL_CONVERSION = YES;
				CLANG_WARN_OBJC_IMPLICIT_RETAIN_SELF = YES;
				CLANG_WARN_OBJC_LITERAL_CONVERSION = YES;
				CLANG_WARN_RANGE_LOOP_ANALYSIS = YES;
				CLANG_WARN_STRICT_PROTOTYPES = YES;
				CLANG_WARN_SUSPICIOUS_MOVE = YES;
				CLANG_WARN_UNREACHABLE_CODE = YES;
				CLANG_WARN__DUPLICATE_METHOD_MATCH = YES;
				ENABLE_STRICT_OBJC_MSGSEND = YES;
				GCC_NO_COMMON_BLOCKS = YES;
				GCC_WARN_64_TO_32_BIT_CONVERSION = YES;
				GCC_WARN_ABOUT_RETURN_TYPE = YES;
				GCC_WARN_UNDECLARED_SELECTOR = YES;
				GCC_WARN_UNINITIALIZED_AUTOS = YES;
				GCC_WARN_UNUSED_FUNCTION = YES;
				GCC_WARN_UNUSED_VARIABLE = YES;
				IPHONEOS_DEPLOYMENT_TARGET = 11.0;
			};
			name = Release;
		};
/* End XCBuildConfiguration section */

/* Begin XCConfigurationList section */
		5420769322E643D900F8F9C0 /* Build configuration list for PBXNativeTarget "Composed" */ = {
			isa = XCConfigurationList;
			buildConfigurations = (
				5420769122E643D900F8F9C0 /* Debug */,
				5420769222E643D900F8F9C0 /* Release */,
			);
			defaultConfigurationIsVisible = 0;
			defaultConfigurationName = Release;
		};
		5424640322E642BD00080A9F /* Build configuration list for PBXProject "Composed" */ = {
			isa = XCConfigurationList;
			buildConfigurations = (
				5424640422E642BD00080A9F /* Debug */,
				5424640522E642BD00080A9F /* Release */,
			);
			defaultConfigurationIsVisible = 0;
			defaultConfigurationName = Release;
		};
/* End XCConfigurationList section */
	};
	rootObject = 5424640022E642BD00080A9F /* Project object */;
}
