// !$*UTF8*$!
{
	archiveVersion = 1;
	classes = {
	};
	objectVersion = 50;
	objects = {

/* Begin PBXBuildFile section */
		540221232195C45000F0E173 /* AppDelegate.swift in Sources */ = {isa = PBXBuildFile; fileRef = 540221222195C44F00F0E173 /* AppDelegate.swift */; };
		540221252195C45000F0E173 /* People.swift in Sources */ = {isa = PBXBuildFile; fileRef = 540221242195C45000F0E173 /* People.swift */; };
		540221282195C45000F0E173 /* Main.storyboard in Resources */ = {isa = PBXBuildFile; fileRef = 540221262195C45000F0E173 /* Main.storyboard */; };
		5402212A2195C45100F0E173 /* Assets.xcassets in Resources */ = {isa = PBXBuildFile; fileRef = 540221292195C45100F0E173 /* Assets.xcassets */; };
		5402212D2195C45100F0E173 /* LaunchScreen.storyboard in Resources */ = {isa = PBXBuildFile; fileRef = 5402212B2195C45100F0E173 /* LaunchScreen.storyboard */; };
		5402214B2195C4F800F0E173 /* Composed.h in Headers */ = {isa = PBXBuildFile; fileRef = 5402213B2195C4F700F0E173 /* Composed.h */; settings = {ATTRIBUTES = (Public, ); }; };
		5402214E2195C4F800F0E173 /* Composed.framework in Frameworks */ = {isa = PBXBuildFile; fileRef = 540221392195C4F700F0E173 /* Composed.framework */; };
		5402214F2195C4F800F0E173 /* Composed.framework in Embed Frameworks */ = {isa = PBXBuildFile; fileRef = 540221392195C4F700F0E173 /* Composed.framework */; settings = {ATTRIBUTES = (CodeSignOnCopy, RemoveHeadersOnCopy, ); }; };
		54645B5D2281A3AE00E53245 /* ColumnSizingStrategy.swift in Sources */ = {isa = PBXBuildFile; fileRef = 54645B5C2281A3AE00E53245 /* ColumnSizingStrategy.swift */; };
		54645B5F2281A3C100E53245 /* CarouselSizingStrategy.swift in Sources */ = {isa = PBXBuildFile; fileRef = 54645B5E2281A3C100E53245 /* CarouselSizingStrategy.swift */; };
		54645B612281A3FD00E53245 /* NoSizingStrategy.swift in Sources */ = {isa = PBXBuildFile; fileRef = 54645B602281A3FD00E53245 /* NoSizingStrategy.swift */; };
		54645B692282E8BC00E53245 /* MutableDataStore.swift in Sources */ = {isa = PBXBuildFile; fileRef = 54645B682282E8BC00E53245 /* MutableDataStore.swift */; };
		54645B8B2282F56000E53245 /* Nimble.framework in Frameworks */ = {isa = PBXBuildFile; fileRef = 54645B632282E48600E53245 /* Nimble.framework */; };
		54645B8C2282F56000E53245 /* Quick.framework in Frameworks */ = {isa = PBXBuildFile; fileRef = 54645B622282E48600E53245 /* Quick.framework */; };
		54645B8E2282F57000E53245 /* Nimble.framework in CopyFiles */ = {isa = PBXBuildFile; fileRef = 54645B632282E48600E53245 /* Nimble.framework */; settings = {ATTRIBUTES = (CodeSignOnCopy, RemoveHeadersOnCopy, ); }; };
		54645B8F2282F57100E53245 /* Quick.framework in CopyFiles */ = {isa = PBXBuildFile; fileRef = 54645B622282E48600E53245 /* Quick.framework */; settings = {ATTRIBUTES = (CodeSignOnCopy, RemoveHeadersOnCopy, ); }; };
		54645B902282F57B00E53245 /* Composed.framework in Frameworks */ = {isa = PBXBuildFile; fileRef = 540221392195C4F700F0E173 /* Composed.framework */; };
		54645B912282F58100E53245 /* Composed.framework in CopyFiles */ = {isa = PBXBuildFile; fileRef = 540221392195C4F700F0E173 /* Composed.framework */; settings = {ATTRIBUTES = (CodeSignOnCopy, RemoveHeadersOnCopy, ); }; };
		54645B952282F5D900E53245 /* Array+Spec.swift in Sources */ = {isa = PBXBuildFile; fileRef = 54645B942282F5BA00E53245 /* Array+Spec.swift */; };
		546AA49521D5178900588DE4 /* PersonCell.xib in Resources */ = {isa = PBXBuildFile; fileRef = 546AA49421D5178900588DE4 /* PersonCell.xib */; };
		548A8B6E2214EEBE00C0A276 /* FooterView.xib in Resources */ = {isa = PBXBuildFile; fileRef = 548A8B6D2214EEBE00C0A276 /* FooterView.xib */; };
		548A8B702214FA2800C0A276 /* BackgroundView.swift in Sources */ = {isa = PBXBuildFile; fileRef = 548A8B6F2214FA2800C0A276 /* BackgroundView.swift */; };
		54A1731B225CC72900A7D7FD /* SectionedDataSource.swift in Sources */ = {isa = PBXBuildFile; fileRef = 54A172F9225CC71A00A7D7FD /* SectionedDataSource.swift */; };
		54A1731C225CC72900A7D7FD /* SegmentedDataSource.swift in Sources */ = {isa = PBXBuildFile; fileRef = 54A172FA225CC71A00A7D7FD /* SegmentedDataSource.swift */; };
		54A1731D225CC72900A7D7FD /* EmbeddingDataSource.swift in Sources */ = {isa = PBXBuildFile; fileRef = 54A172FB225CC71A00A7D7FD /* EmbeddingDataSource.swift */; };
		54A1731E225CC72900A7D7FD /* BasicDataSource.swift in Sources */ = {isa = PBXBuildFile; fileRef = 54A172FC225CC71A00A7D7FD /* BasicDataSource.swift */; };
		54A1731F225CC72900A7D7FD /* ComposedDataSource.swift in Sources */ = {isa = PBXBuildFile; fileRef = 54A172FD225CC71A00A7D7FD /* ComposedDataSource.swift */; };
		54A17320225CC72900A7D7FD /* ArrayDataStore.swift in Sources */ = {isa = PBXBuildFile; fileRef = 54A172FF225CC71A00A7D7FD /* ArrayDataStore.swift */; };
		54A17321225CC72900A7D7FD /* ManagedDataStore.swift in Sources */ = {isa = PBXBuildFile; fileRef = 54A17300225CC71A00A7D7FD /* ManagedDataStore.swift */; };
		54A17322225CC72900A7D7FD /* DataStore.swift in Sources */ = {isa = PBXBuildFile; fileRef = 54A17301225CC71A00A7D7FD /* DataStore.swift */; };
		54A17323225CC72900A7D7FD /* PhotosDataStore.swift in Sources */ = {isa = PBXBuildFile; fileRef = 54A17302225CC71A00A7D7FD /* PhotosDataStore.swift */; };
		54A17324225CC72900A7D7FD /* AggregateDataSource.swift in Sources */ = {isa = PBXBuildFile; fileRef = 54A17304225CC71A00A7D7FD /* AggregateDataSource.swift */; };
		54A17325225CC72900A7D7FD /* CollectionDataSource.swift in Sources */ = {isa = PBXBuildFile; fileRef = 54A17305225CC71A00A7D7FD /* CollectionDataSource.swift */; };
		54A17326225CC72900A7D7FD /* DataSource+Handlers.swift in Sources */ = {isa = PBXBuildFile; fileRef = 54A17306225CC71A00A7D7FD /* DataSource+Handlers.swift */; };
		54A17327225CC72900A7D7FD /* LifecycleObservingDataSource.swift in Sources */ = {isa = PBXBuildFile; fileRef = 54A17307225CC71A00A7D7FD /* LifecycleObservingDataSource.swift */; };
		54A17328225CC72900A7D7FD /* GlobalViewsProvidingDataSource.swift in Sources */ = {isa = PBXBuildFile; fileRef = 54A17308225CC71A00A7D7FD /* GlobalViewsProvidingDataSource.swift */; };
		54A17329225CC72900A7D7FD /* DataSource.swift in Sources */ = {isa = PBXBuildFile; fileRef = 54A17309225CC71A00A7D7FD /* DataSource.swift */; };
		54A1732A225CC72900A7D7FD /* CollectionUIProvidingDataSource.swift in Sources */ = {isa = PBXBuildFile; fileRef = 54A1730A225CC71A00A7D7FD /* CollectionUIProvidingDataSource.swift */; };
		54A1732B225CC72900A7D7FD /* DataSourceChangeSet.swift in Sources */ = {isa = PBXBuildFile; fileRef = 54A172F2225CC71900A7D7FD /* DataSourceChangeSet.swift */; };
		54A1732C225CC72900A7D7FD /* DataSourceHashableWrapper.swift in Sources */ = {isa = PBXBuildFile; fileRef = 54A172F3225CC71900A7D7FD /* DataSourceHashableWrapper.swift */; };
		54A1732D225CC72900A7D7FD /* ComposedMappings.swift in Sources */ = {isa = PBXBuildFile; fileRef = 54A172F4225CC71900A7D7FD /* ComposedMappings.swift */; };
		54A1732E225CC72900A7D7FD /* CollectionUISizingStrategy.swift in Sources */ = {isa = PBXBuildFile; fileRef = 54A172F5225CC71900A7D7FD /* CollectionUISizingStrategy.swift */; };
		54A1732F225CC72900A7D7FD /* NibLoadable.swift in Sources */ = {isa = PBXBuildFile; fileRef = 54A172F6225CC71900A7D7FD /* NibLoadable.swift */; };
		54A17330225CC72900A7D7FD /* FlowLayoutInvalidationContext.swift in Sources */ = {isa = PBXBuildFile; fileRef = 54A1730C225CC71A00A7D7FD /* FlowLayoutInvalidationContext.swift */; };
		54A17331225CC72900A7D7FD /* FlowLayout+Helpers.swift in Sources */ = {isa = PBXBuildFile; fileRef = 54A1730D225CC71A00A7D7FD /* FlowLayout+Helpers.swift */; };
		54A17332225CC72900A7D7FD /* FlowLayoutAttributes.swift in Sources */ = {isa = PBXBuildFile; fileRef = 54A1730E225CC71A00A7D7FD /* FlowLayoutAttributes.swift */; };
		54A17333225CC72900A7D7FD /* FlowLayout.swift in Sources */ = {isa = PBXBuildFile; fileRef = 54A1730F225CC71A00A7D7FD /* FlowLayout.swift */; };
		54A17334225CC72900A7D7FD /* FlowLayout+Metrics.swift in Sources */ = {isa = PBXBuildFile; fileRef = 54A17310225CC71A00A7D7FD /* FlowLayout+Metrics.swift */; };
		54A17335225CC72900A7D7FD /* FlowLayout+Types.swift in Sources */ = {isa = PBXBuildFile; fileRef = 54A17311225CC71A00A7D7FD /* FlowLayout+Types.swift */; };
		54A17336225CC72900A7D7FD /* EmbeddedDataSourceCell.xib in Resources */ = {isa = PBXBuildFile; fileRef = 54A17313225CC71A00A7D7FD /* EmbeddedDataSourceCell.xib */; };
		54A17337225CC72900A7D7FD /* DataSourceHeaderFooterView.swift in Sources */ = {isa = PBXBuildFile; fileRef = 54A17314225CC71A00A7D7FD /* DataSourceHeaderFooterView.swift */; };
		54A17338225CC72900A7D7FD /* Snap.swift in Sources */ = {isa = PBXBuildFile; fileRef = 54A17315225CC71A00A7D7FD /* Snap.swift */; };
		54A17339225CC72900A7D7FD /* DataSourceViewController.swift in Sources */ = {isa = PBXBuildFile; fileRef = 54A17316225CC71A00A7D7FD /* DataSourceViewController.swift */; };
		54A1733A225CC72900A7D7FD /* EmbeddedDataSourceCell.swift in Sources */ = {isa = PBXBuildFile; fileRef = 54A17317225CC71A00A7D7FD /* EmbeddedDataSourceCell.swift */; };
		54A1733B225CC72900A7D7FD /* CollectionUIViewProvider.swift in Sources */ = {isa = PBXBuildFile; fileRef = 54A17318225CC71A00A7D7FD /* CollectionUIViewProvider.swift */; };
		54A1733C225CC72900A7D7FD /* DataSourceCoordinator.swift in Sources */ = {isa = PBXBuildFile; fileRef = 54A17319225CC71A00A7D7FD /* DataSourceCoordinator.swift */; };
		54A1733D225CC72900A7D7FD /* DataSourceInvalidationContext.swift in Sources */ = {isa = PBXBuildFile; fileRef = 54A1731A225CC71A00A7D7FD /* DataSourceInvalidationContext.swift */; };
		54BAB15E221497FA0064CE51 /* GlobalHeaderView.swift in Sources */ = {isa = PBXBuildFile; fileRef = 54BAB15D221497FA0064CE51 /* GlobalHeaderView.swift */; };
		54BAB160221498000064CE51 /* GlobalHeaderView.xib in Resources */ = {isa = PBXBuildFile; fileRef = 54BAB15F221498000064CE51 /* GlobalHeaderView.xib */; };
		54BAB1642214D05C0064CE51 /* GlobalFooterView.swift in Sources */ = {isa = PBXBuildFile; fileRef = 54BAB1632214D05C0064CE51 /* GlobalFooterView.swift */; };
		54BAB1662214D0630064CE51 /* GlobalFooterView.xib in Resources */ = {isa = PBXBuildFile; fileRef = 54BAB1652214D0630064CE51 /* GlobalFooterView.xib */; };
		54D0A8A521F64AF600C65B72 /* HeaderView.xib in Resources */ = {isa = PBXBuildFile; fileRef = 54D0A8A421F64AF600C65B72 /* HeaderView.xib */; };
		54E5CA272282FA3400CCA628 /* ComposedChangeDetails.swift in Sources */ = {isa = PBXBuildFile; fileRef = 54E5CA262282FA3400CCA628 /* ComposedChangeDetails.swift */; };
		54E5CA292282FF7D00CCA628 /* Deprecations.swift in Sources */ = {isa = PBXBuildFile; fileRef = 54E5CA282282FF7D00CCA628 /* Deprecations.swift */; };
		54E5CA2D228326BB00CCA628 /* Composed+Spec.swift in Sources */ = {isa = PBXBuildFile; fileRef = 54E5CA2C228326BB00CCA628 /* Composed+Spec.swift */; };
		54E5CA2F228326CF00CCA628 /* Segmented+Spec.swift in Sources */ = {isa = PBXBuildFile; fileRef = 54E5CA2E228326CF00CCA628 /* Segmented+Spec.swift */; };
		54E5CA31228326E200CCA628 /* Empty+Spec.swift in Sources */ = {isa = PBXBuildFile; fileRef = 54E5CA30228326E200CCA628 /* Empty+Spec.swift */; };
		54E5CA33228326F200CCA628 /* Sectioned+Spec.swift in Sources */ = {isa = PBXBuildFile; fileRef = 54E5CA32228326F200CCA628 /* Sectioned+Spec.swift */; };
		54E5CA352283270C00CCA628 /* Basic+Spec.swift in Sources */ = {isa = PBXBuildFile; fileRef = 54E5CA342283270C00CCA628 /* Basic+Spec.swift */; };
		54E5CA372283272800CCA628 /* Managed+Spec.swift in Sources */ = {isa = PBXBuildFile; fileRef = 54E5CA362283272800CCA628 /* Managed+Spec.swift */; };
		54E5CA3B2283276B00CCA628 /* Complex+Spec.swift in Sources */ = {isa = PBXBuildFile; fileRef = 54E5CA3A2283276B00CCA628 /* Complex+Spec.swift */; };
		54E5CA3D2283277600CCA628 /* Lifecycle+Spec.swift in Sources */ = {isa = PBXBuildFile; fileRef = 54E5CA3C2283277600CCA628 /* Lifecycle+Spec.swift */; };
		54E5CA3F228327AC00CCA628 /* Wrapper+Spec.swift in Sources */ = {isa = PBXBuildFile; fileRef = 54E5CA3E228327AC00CCA628 /* Wrapper+Spec.swift */; };
		D937381D22609C05001F29EB /* ArrayDataSource.swift in Sources */ = {isa = PBXBuildFile; fileRef = D937381C22609C05001F29EB /* ArrayDataSource.swift */; };
/* End PBXBuildFile section */

/* Begin PBXContainerItemProxy section */
		5402214C2195C4F800F0E173 /* PBXContainerItemProxy */ = {
			isa = PBXContainerItemProxy;
			containerPortal = 540221172195C44F00F0E173 /* Project object */;
			proxyType = 1;
			remoteGlobalIDString = 540221382195C4F700F0E173;
			remoteInfo = DataSources;
		};
		54E5CA242282F64100CCA628 /* PBXContainerItemProxy */ = {
			isa = PBXContainerItemProxy;
			containerPortal = 540221172195C44F00F0E173 /* Project object */;
			proxyType = 1;
			remoteGlobalIDString = 5402211E2195C44F00F0E173;
			remoteInfo = Playground;
		};
/* End PBXContainerItemProxy section */

/* Begin PBXCopyFilesBuildPhase section */
		540221532195C4F800F0E173 /* Embed Frameworks */ = {
			isa = PBXCopyFilesBuildPhase;
			buildActionMask = 2147483647;
			dstPath = "";
			dstSubfolderSpec = 10;
			files = (
				5402214F2195C4F800F0E173 /* Composed.framework in Embed Frameworks */,
			);
			name = "Embed Frameworks";
			runOnlyForDeploymentPostprocessing = 0;
		};
		54645B8D2282F56700E53245 /* CopyFiles */ = {
			isa = PBXCopyFilesBuildPhase;
			buildActionMask = 2147483647;
			dstPath = "";
			dstSubfolderSpec = 10;
			files = (
				54645B912282F58100E53245 /* Composed.framework in CopyFiles */,
				54645B8E2282F57000E53245 /* Nimble.framework in CopyFiles */,
				54645B8F2282F57100E53245 /* Quick.framework in CopyFiles */,
			);
			runOnlyForDeploymentPostprocessing = 0;
		};
/* End PBXCopyFilesBuildPhase section */

/* Begin PBXFileReference section */
		5402211F2195C44F00F0E173 /* Playground.app */ = {isa = PBXFileReference; explicitFileType = wrapper.application; includeInIndex = 0; path = Playground.app; sourceTree = BUILT_PRODUCTS_DIR; };
		540221222195C44F00F0E173 /* AppDelegate.swift */ = {isa = PBXFileReference; lastKnownFileType = sourcecode.swift; path = AppDelegate.swift; sourceTree = "<group>"; };
		540221242195C45000F0E173 /* People.swift */ = {isa = PBXFileReference; lastKnownFileType = sourcecode.swift; path = People.swift; sourceTree = "<group>"; };
		540221272195C45000F0E173 /* Base */ = {isa = PBXFileReference; lastKnownFileType = file.storyboard; name = Base; path = Base.lproj/Main.storyboard; sourceTree = "<group>"; };
		540221292195C45100F0E173 /* Assets.xcassets */ = {isa = PBXFileReference; lastKnownFileType = folder.assetcatalog; path = Assets.xcassets; sourceTree = "<group>"; };
		5402212C2195C45100F0E173 /* Base */ = {isa = PBXFileReference; lastKnownFileType = file.storyboard; name = Base; path = Base.lproj/LaunchScreen.storyboard; sourceTree = "<group>"; };
		5402212E2195C45100F0E173 /* Info.plist */ = {isa = PBXFileReference; lastKnownFileType = text.plist.xml; path = Info.plist; sourceTree = "<group>"; };
		540221392195C4F700F0E173 /* Composed.framework */ = {isa = PBXFileReference; explicitFileType = wrapper.framework; includeInIndex = 0; path = Composed.framework; sourceTree = BUILT_PRODUCTS_DIR; };
		5402213B2195C4F700F0E173 /* Composed.h */ = {isa = PBXFileReference; lastKnownFileType = sourcecode.c.h; path = Composed.h; sourceTree = "<group>"; };
		5402213C2195C4F700F0E173 /* Info.plist */ = {isa = PBXFileReference; lastKnownFileType = text.plist.xml; path = Info.plist; sourceTree = "<group>"; };
		54645B5C2281A3AE00E53245 /* ColumnSizingStrategy.swift */ = {isa = PBXFileReference; lastKnownFileType = sourcecode.swift; path = ColumnSizingStrategy.swift; sourceTree = "<group>"; };
		54645B5E2281A3C100E53245 /* CarouselSizingStrategy.swift */ = {isa = PBXFileReference; lastKnownFileType = sourcecode.swift; path = CarouselSizingStrategy.swift; sourceTree = "<group>"; };
		54645B602281A3FD00E53245 /* NoSizingStrategy.swift */ = {isa = PBXFileReference; lastKnownFileType = sourcecode.swift; path = NoSizingStrategy.swift; sourceTree = "<group>"; };
		54645B622282E48600E53245 /* Quick.framework */ = {isa = PBXFileReference; lastKnownFileType = wrapper.framework; name = Quick.framework; path = Carthage/Build/iOS/Quick.framework; sourceTree = "<group>"; };
		54645B632282E48600E53245 /* Nimble.framework */ = {isa = PBXFileReference; lastKnownFileType = wrapper.framework; name = Nimble.framework; path = Carthage/Build/iOS/Nimble.framework; sourceTree = "<group>"; };
		54645B682282E8BC00E53245 /* MutableDataStore.swift */ = {isa = PBXFileReference; lastKnownFileType = sourcecode.swift; path = MutableDataStore.swift; sourceTree = "<group>"; };
		54645B832282F54A00E53245 /* ComposedTests.xctest */ = {isa = PBXFileReference; explicitFileType = wrapper.cfbundle; includeInIndex = 0; path = ComposedTests.xctest; sourceTree = BUILT_PRODUCTS_DIR; };
		54645B932282F5BA00E53245 /* Info.plist */ = {isa = PBXFileReference; lastKnownFileType = text.plist.xml; path = Info.plist; sourceTree = "<group>"; };
		54645B942282F5BA00E53245 /* Array+Spec.swift */ = {isa = PBXFileReference; lastKnownFileType = sourcecode.swift; path = "Array+Spec.swift"; sourceTree = "<group>"; };
		546865242204E3CA00E79B56 /* UIKit.framework */ = {isa = PBXFileReference; lastKnownFileType = wrapper.framework; name = UIKit.framework; path = System/Library/Frameworks/UIKit.framework; sourceTree = SDKROOT; };
		546AA49421D5178900588DE4 /* PersonCell.xib */ = {isa = PBXFileReference; lastKnownFileType = file.xib; path = PersonCell.xib; sourceTree = "<group>"; };
		548A8B6D2214EEBE00C0A276 /* FooterView.xib */ = {isa = PBXFileReference; lastKnownFileType = file.xib; path = FooterView.xib; sourceTree = "<group>"; };
		548A8B6F2214FA2800C0A276 /* BackgroundView.swift */ = {isa = PBXFileReference; lastKnownFileType = sourcecode.swift; path = BackgroundView.swift; sourceTree = "<group>"; };
		54A172F2225CC71900A7D7FD /* DataSourceChangeSet.swift */ = {isa = PBXFileReference; lastKnownFileType = sourcecode.swift; path = DataSourceChangeSet.swift; sourceTree = "<group>"; };
		54A172F3225CC71900A7D7FD /* DataSourceHashableWrapper.swift */ = {isa = PBXFileReference; lastKnownFileType = sourcecode.swift; path = DataSourceHashableWrapper.swift; sourceTree = "<group>"; };
		54A172F4225CC71900A7D7FD /* ComposedMappings.swift */ = {isa = PBXFileReference; lastKnownFileType = sourcecode.swift; path = ComposedMappings.swift; sourceTree = "<group>"; };
		54A172F5225CC71900A7D7FD /* CollectionUISizingStrategy.swift */ = {isa = PBXFileReference; lastKnownFileType = sourcecode.swift; path = CollectionUISizingStrategy.swift; sourceTree = "<group>"; };
		54A172F6225CC71900A7D7FD /* NibLoadable.swift */ = {isa = PBXFileReference; lastKnownFileType = sourcecode.swift; path = NibLoadable.swift; sourceTree = "<group>"; };
		54A172F9225CC71A00A7D7FD /* SectionedDataSource.swift */ = {isa = PBXFileReference; lastKnownFileType = sourcecode.swift; path = SectionedDataSource.swift; sourceTree = "<group>"; };
		54A172FA225CC71A00A7D7FD /* SegmentedDataSource.swift */ = {isa = PBXFileReference; lastKnownFileType = sourcecode.swift; path = SegmentedDataSource.swift; sourceTree = "<group>"; };
		54A172FB225CC71A00A7D7FD /* EmbeddingDataSource.swift */ = {isa = PBXFileReference; lastKnownFileType = sourcecode.swift; path = EmbeddingDataSource.swift; sourceTree = "<group>"; };
		54A172FC225CC71A00A7D7FD /* BasicDataSource.swift */ = {isa = PBXFileReference; lastKnownFileType = sourcecode.swift; path = BasicDataSource.swift; sourceTree = "<group>"; };
		54A172FD225CC71A00A7D7FD /* ComposedDataSource.swift */ = {isa = PBXFileReference; lastKnownFileType = sourcecode.swift; path = ComposedDataSource.swift; sourceTree = "<group>"; };
		54A172FF225CC71A00A7D7FD /* ArrayDataStore.swift */ = {isa = PBXFileReference; lastKnownFileType = sourcecode.swift; path = ArrayDataStore.swift; sourceTree = "<group>"; };
		54A17300225CC71A00A7D7FD /* ManagedDataStore.swift */ = {isa = PBXFileReference; lastKnownFileType = sourcecode.swift; path = ManagedDataStore.swift; sourceTree = "<group>"; };
		54A17301225CC71A00A7D7FD /* DataStore.swift */ = {isa = PBXFileReference; lastKnownFileType = sourcecode.swift; path = DataStore.swift; sourceTree = "<group>"; };
		54A17302225CC71A00A7D7FD /* PhotosDataStore.swift */ = {isa = PBXFileReference; lastKnownFileType = sourcecode.swift; path = PhotosDataStore.swift; sourceTree = "<group>"; };
		54A17304225CC71A00A7D7FD /* AggregateDataSource.swift */ = {isa = PBXFileReference; lastKnownFileType = sourcecode.swift; path = AggregateDataSource.swift; sourceTree = "<group>"; };
		54A17305225CC71A00A7D7FD /* CollectionDataSource.swift */ = {isa = PBXFileReference; lastKnownFileType = sourcecode.swift; path = CollectionDataSource.swift; sourceTree = "<group>"; };
		54A17306225CC71A00A7D7FD /* DataSource+Handlers.swift */ = {isa = PBXFileReference; lastKnownFileType = sourcecode.swift; path = "DataSource+Handlers.swift"; sourceTree = "<group>"; };
		54A17307225CC71A00A7D7FD /* LifecycleObservingDataSource.swift */ = {isa = PBXFileReference; lastKnownFileType = sourcecode.swift; path = LifecycleObservingDataSource.swift; sourceTree = "<group>"; };
		54A17308225CC71A00A7D7FD /* GlobalViewsProvidingDataSource.swift */ = {isa = PBXFileReference; lastKnownFileType = sourcecode.swift; path = GlobalViewsProvidingDataSource.swift; sourceTree = "<group>"; };
		54A17309225CC71A00A7D7FD /* DataSource.swift */ = {isa = PBXFileReference; lastKnownFileType = sourcecode.swift; path = DataSource.swift; sourceTree = "<group>"; };
		54A1730A225CC71A00A7D7FD /* CollectionUIProvidingDataSource.swift */ = {isa = PBXFileReference; lastKnownFileType = sourcecode.swift; path = CollectionUIProvidingDataSource.swift; sourceTree = "<group>"; };
		54A1730C225CC71A00A7D7FD /* FlowLayoutInvalidationContext.swift */ = {isa = PBXFileReference; lastKnownFileType = sourcecode.swift; path = FlowLayoutInvalidationContext.swift; sourceTree = "<group>"; };
		54A1730D225CC71A00A7D7FD /* FlowLayout+Helpers.swift */ = {isa = PBXFileReference; lastKnownFileType = sourcecode.swift; path = "FlowLayout+Helpers.swift"; sourceTree = "<group>"; };
		54A1730E225CC71A00A7D7FD /* FlowLayoutAttributes.swift */ = {isa = PBXFileReference; lastKnownFileType = sourcecode.swift; path = FlowLayoutAttributes.swift; sourceTree = "<group>"; };
		54A1730F225CC71A00A7D7FD /* FlowLayout.swift */ = {isa = PBXFileReference; lastKnownFileType = sourcecode.swift; path = FlowLayout.swift; sourceTree = "<group>"; };
		54A17310225CC71A00A7D7FD /* FlowLayout+Metrics.swift */ = {isa = PBXFileReference; lastKnownFileType = sourcecode.swift; path = "FlowLayout+Metrics.swift"; sourceTree = "<group>"; };
		54A17311225CC71A00A7D7FD /* FlowLayout+Types.swift */ = {isa = PBXFileReference; lastKnownFileType = sourcecode.swift; path = "FlowLayout+Types.swift"; sourceTree = "<group>"; };
		54A17313225CC71A00A7D7FD /* EmbeddedDataSourceCell.xib */ = {isa = PBXFileReference; lastKnownFileType = file.xib; path = EmbeddedDataSourceCell.xib; sourceTree = "<group>"; };
		54A17314225CC71A00A7D7FD /* DataSourceHeaderFooterView.swift */ = {isa = PBXFileReference; lastKnownFileType = sourcecode.swift; path = DataSourceHeaderFooterView.swift; sourceTree = "<group>"; };
		54A17315225CC71A00A7D7FD /* Snap.swift */ = {isa = PBXFileReference; lastKnownFileType = sourcecode.swift; path = Snap.swift; sourceTree = "<group>"; };
		54A17316225CC71A00A7D7FD /* DataSourceViewController.swift */ = {isa = PBXFileReference; lastKnownFileType = sourcecode.swift; path = DataSourceViewController.swift; sourceTree = "<group>"; };
		54A17317225CC71A00A7D7FD /* EmbeddedDataSourceCell.swift */ = {isa = PBXFileReference; lastKnownFileType = sourcecode.swift; path = EmbeddedDataSourceCell.swift; sourceTree = "<group>"; };
		54A17318225CC71A00A7D7FD /* CollectionUIViewProvider.swift */ = {isa = PBXFileReference; lastKnownFileType = sourcecode.swift; path = CollectionUIViewProvider.swift; sourceTree = "<group>"; };
		54A17319225CC71A00A7D7FD /* DataSourceCoordinator.swift */ = {isa = PBXFileReference; lastKnownFileType = sourcecode.swift; path = DataSourceCoordinator.swift; sourceTree = "<group>"; };
		54A1731A225CC71A00A7D7FD /* DataSourceInvalidationContext.swift */ = {isa = PBXFileReference; lastKnownFileType = sourcecode.swift; path = DataSourceInvalidationContext.swift; sourceTree = "<group>"; };
		54BAB15D221497FA0064CE51 /* GlobalHeaderView.swift */ = {isa = PBXFileReference; lastKnownFileType = sourcecode.swift; path = GlobalHeaderView.swift; sourceTree = "<group>"; };
		54BAB15F221498000064CE51 /* GlobalHeaderView.xib */ = {isa = PBXFileReference; lastKnownFileType = file.xib; path = GlobalHeaderView.xib; sourceTree = "<group>"; };
		54BAB1632214D05C0064CE51 /* GlobalFooterView.swift */ = {isa = PBXFileReference; lastKnownFileType = sourcecode.swift; path = GlobalFooterView.swift; sourceTree = "<group>"; };
		54BAB1652214D0630064CE51 /* GlobalFooterView.xib */ = {isa = PBXFileReference; lastKnownFileType = file.xib; path = GlobalFooterView.xib; sourceTree = "<group>"; };
		54D0A8A421F64AF600C65B72 /* HeaderView.xib */ = {isa = PBXFileReference; lastKnownFileType = file.xib; path = HeaderView.xib; sourceTree = "<group>"; };
		54E5CA262282FA3400CCA628 /* ComposedChangeDetails.swift */ = {isa = PBXFileReference; lastKnownFileType = sourcecode.swift; path = ComposedChangeDetails.swift; sourceTree = "<group>"; };
		54E5CA282282FF7D00CCA628 /* Deprecations.swift */ = {isa = PBXFileReference; lastKnownFileType = sourcecode.swift; path = Deprecations.swift; sourceTree = "<group>"; };
		54E5CA2C228326BB00CCA628 /* Composed+Spec.swift */ = {isa = PBXFileReference; lastKnownFileType = sourcecode.swift; path = "Composed+Spec.swift"; sourceTree = "<group>"; };
		54E5CA2E228326CF00CCA628 /* Segmented+Spec.swift */ = {isa = PBXFileReference; lastKnownFileType = sourcecode.swift; path = "Segmented+Spec.swift"; sourceTree = "<group>"; };
		54E5CA30228326E200CCA628 /* Empty+Spec.swift */ = {isa = PBXFileReference; lastKnownFileType = sourcecode.swift; path = "Empty+Spec.swift"; sourceTree = "<group>"; };
		54E5CA32228326F200CCA628 /* Sectioned+Spec.swift */ = {isa = PBXFileReference; lastKnownFileType = sourcecode.swift; path = "Sectioned+Spec.swift"; sourceTree = "<group>"; };
		54E5CA342283270C00CCA628 /* Basic+Spec.swift */ = {isa = PBXFileReference; lastKnownFileType = sourcecode.swift; path = "Basic+Spec.swift"; sourceTree = "<group>"; };
		54E5CA362283272800CCA628 /* Managed+Spec.swift */ = {isa = PBXFileReference; lastKnownFileType = sourcecode.swift; path = "Managed+Spec.swift"; sourceTree = "<group>"; };
		54E5CA3A2283276B00CCA628 /* Complex+Spec.swift */ = {isa = PBXFileReference; lastKnownFileType = sourcecode.swift; path = "Complex+Spec.swift"; sourceTree = "<group>"; };
		54E5CA3C2283277600CCA628 /* Lifecycle+Spec.swift */ = {isa = PBXFileReference; lastKnownFileType = sourcecode.swift; path = "Lifecycle+Spec.swift"; sourceTree = "<group>"; };
		54E5CA3E228327AC00CCA628 /* Wrapper+Spec.swift */ = {isa = PBXFileReference; lastKnownFileType = sourcecode.swift; path = "Wrapper+Spec.swift"; sourceTree = "<group>"; };
		D937381C22609C05001F29EB /* ArrayDataSource.swift */ = {isa = PBXFileReference; lastKnownFileType = sourcecode.swift; path = ArrayDataSource.swift; sourceTree = "<group>"; };
/* End PBXFileReference section */

/* Begin PBXFrameworksBuildPhase section */
		5402211C2195C44F00F0E173 /* Frameworks */ = {
			isa = PBXFrameworksBuildPhase;
			buildActionMask = 2147483647;
			files = (
				5402214E2195C4F800F0E173 /* Composed.framework in Frameworks */,
			);
			runOnlyForDeploymentPostprocessing = 0;
		};
		540221362195C4F700F0E173 /* Frameworks */ = {
			isa = PBXFrameworksBuildPhase;
			buildActionMask = 2147483647;
			files = (
			);
			runOnlyForDeploymentPostprocessing = 0;
		};
		54645B802282F54A00E53245 /* Frameworks */ = {
			isa = PBXFrameworksBuildPhase;
			buildActionMask = 2147483647;
			files = (
				54645B902282F57B00E53245 /* Composed.framework in Frameworks */,
				54645B8B2282F56000E53245 /* Nimble.framework in Frameworks */,
				54645B8C2282F56000E53245 /* Quick.framework in Frameworks */,
			);
			runOnlyForDeploymentPostprocessing = 0;
		};
/* End PBXFrameworksBuildPhase section */

/* Begin PBXGroup section */
		540221162195C44F00F0E173 = {
			isa = PBXGroup;
			children = (
				540221212195C44F00F0E173 /* Playground */,
				5402213A2195C4F700F0E173 /* Composed */,
				54645B922282F5BA00E53245 /* ComposedTests */,
				540221202195C44F00F0E173 /* Products */,
				546865232204E3CA00E79B56 /* Frameworks */,
			);
			sourceTree = "<group>";
		};
		540221202195C44F00F0E173 /* Products */ = {
			isa = PBXGroup;
			children = (
				5402211F2195C44F00F0E173 /* Playground.app */,
				540221392195C4F700F0E173 /* Composed.framework */,
				54645B832282F54A00E53245 /* ComposedTests.xctest */,
			);
			name = Products;
			sourceTree = "<group>";
		};
		540221212195C44F00F0E173 /* Playground */ = {
			isa = PBXGroup;
			children = (
				540221222195C44F00F0E173 /* AppDelegate.swift */,
				54BAB15D221497FA0064CE51 /* GlobalHeaderView.swift */,
				54BAB15F221498000064CE51 /* GlobalHeaderView.xib */,
				54BAB1632214D05C0064CE51 /* GlobalFooterView.swift */,
				54BAB1652214D0630064CE51 /* GlobalFooterView.xib */,
				540221242195C45000F0E173 /* People.swift */,
				546AA49421D5178900588DE4 /* PersonCell.xib */,
				54D0A8A421F64AF600C65B72 /* HeaderView.xib */,
				548A8B6D2214EEBE00C0A276 /* FooterView.xib */,
				548A8B6F2214FA2800C0A276 /* BackgroundView.swift */,
				540221262195C45000F0E173 /* Main.storyboard */,
				540221292195C45100F0E173 /* Assets.xcassets */,
				5402212B2195C45100F0E173 /* LaunchScreen.storyboard */,
				5402212E2195C45100F0E173 /* Info.plist */,
			);
			path = Playground;
			sourceTree = "<group>";
		};
		5402213A2195C4F700F0E173 /* Composed */ = {
			isa = PBXGroup;
			children = (
				54A172F7225CC71A00A7D7FD /* Core */,
				54A172F1225CC71900A7D7FD /* Helpers */,
				54A1730B225CC71A00A7D7FD /* Layout */,
				54A17312225CC71A00A7D7FD /* Views */,
				5402213B2195C4F700F0E173 /* Composed.h */,
				5402213C2195C4F700F0E173 /* Info.plist */,
			);
			path = Composed;
			sourceTree = "<group>";
		};
		54645B922282F5BA00E53245 /* ComposedTests */ = {
			isa = PBXGroup;
			children = (
				54645B932282F5BA00E53245 /* Info.plist */,
				54E5CA342283270C00CCA628 /* Basic+Spec.swift */,
				54645B942282F5BA00E53245 /* Array+Spec.swift */,
				54E5CA2C228326BB00CCA628 /* Composed+Spec.swift */,
				54E5CA2E228326CF00CCA628 /* Segmented+Spec.swift */,
				54E5CA30228326E200CCA628 /* Empty+Spec.swift */,
				54E5CA32228326F200CCA628 /* Sectioned+Spec.swift */,
				54E5CA362283272800CCA628 /* Managed+Spec.swift */,
				54E5CA3A2283276B00CCA628 /* Complex+Spec.swift */,
				54E5CA3C2283277600CCA628 /* Lifecycle+Spec.swift */,
				54E5CA3E228327AC00CCA628 /* Wrapper+Spec.swift */,
			);
			path = ComposedTests;
			sourceTree = "<group>";
		};
		546865232204E3CA00E79B56 /* Frameworks */ = {
			isa = PBXGroup;
			children = (
				54645B632282E48600E53245 /* Nimble.framework */,
				54645B622282E48600E53245 /* Quick.framework */,
				546865242204E3CA00E79B56 /* UIKit.framework */,
			);
			name = Frameworks;
			sourceTree = "<group>";
		};
		54A172F1225CC71900A7D7FD /* Helpers */ = {
			isa = PBXGroup;
			children = (
				54A172F2225CC71900A7D7FD /* DataSourceChangeSet.swift */,
				54E5CA262282FA3400CCA628 /* ComposedChangeDetails.swift */,
				54A172F3225CC71900A7D7FD /* DataSourceHashableWrapper.swift */,
				54A172F4225CC71900A7D7FD /* ComposedMappings.swift */,
				54A172F5225CC71900A7D7FD /* CollectionUISizingStrategy.swift */,
				54645B602281A3FD00E53245 /* NoSizingStrategy.swift */,
				54645B5C2281A3AE00E53245 /* ColumnSizingStrategy.swift */,
				54645B5E2281A3C100E53245 /* CarouselSizingStrategy.swift */,
				54A172F6225CC71900A7D7FD /* NibLoadable.swift */,
			);
			path = Helpers;
			sourceTree = "<group>";
		};
		54A172F7225CC71A00A7D7FD /* Core */ = {
			isa = PBXGroup;
			children = (
				54E5CA282282FF7D00CCA628 /* Deprecations.swift */,
				54A172F8225CC71A00A7D7FD /* DataSources */,
				54A172FE225CC71A00A7D7FD /* DataStores */,
				54A17303225CC71A00A7D7FD /* Protocols */,
			);
			path = Core;
			sourceTree = "<group>";
		};
		54A172F8225CC71A00A7D7FD /* DataSources */ = {
			isa = PBXGroup;
			children = (
				54A172F9225CC71A00A7D7FD /* SectionedDataSource.swift */,
				54A172FA225CC71A00A7D7FD /* SegmentedDataSource.swift */,
				54A172FB225CC71A00A7D7FD /* EmbeddingDataSource.swift */,
				54A172FC225CC71A00A7D7FD /* BasicDataSource.swift */,
				D937381C22609C05001F29EB /* ArrayDataSource.swift */,
				54A172FD225CC71A00A7D7FD /* ComposedDataSource.swift */,
			);
			path = DataSources;
			sourceTree = "<group>";
		};
		54A172FE225CC71A00A7D7FD /* DataStores */ = {
			isa = PBXGroup;
			children = (
				54A172FF225CC71A00A7D7FD /* ArrayDataStore.swift */,
				54A17300225CC71A00A7D7FD /* ManagedDataStore.swift */,
				54A17301225CC71A00A7D7FD /* DataStore.swift */,
				54645B682282E8BC00E53245 /* MutableDataStore.swift */,
				54A17302225CC71A00A7D7FD /* PhotosDataStore.swift */,
			);
			path = DataStores;
			sourceTree = "<group>";
		};
		54A17303225CC71A00A7D7FD /* Protocols */ = {
			isa = PBXGroup;
			children = (
				54A17309225CC71A00A7D7FD /* DataSource.swift */,
				54A17305225CC71A00A7D7FD /* CollectionDataSource.swift */,
				54A17304225CC71A00A7D7FD /* AggregateDataSource.swift */,
				54A17306225CC71A00A7D7FD /* DataSource+Handlers.swift */,
				54A17307225CC71A00A7D7FD /* LifecycleObservingDataSource.swift */,
				54A17308225CC71A00A7D7FD /* GlobalViewsProvidingDataSource.swift */,
				54A1730A225CC71A00A7D7FD /* CollectionUIProvidingDataSource.swift */,
			);
			path = Protocols;
			sourceTree = "<group>";
		};
		54A1730B225CC71A00A7D7FD /* Layout */ = {
			isa = PBXGroup;
			children = (
				54A1730C225CC71A00A7D7FD /* FlowLayoutInvalidationContext.swift */,
				54A1730D225CC71A00A7D7FD /* FlowLayout+Helpers.swift */,
				54A1730E225CC71A00A7D7FD /* FlowLayoutAttributes.swift */,
				54A1730F225CC71A00A7D7FD /* FlowLayout.swift */,
				54A17310225CC71A00A7D7FD /* FlowLayout+Metrics.swift */,
				54A17311225CC71A00A7D7FD /* FlowLayout+Types.swift */,
			);
			path = Layout;
			sourceTree = "<group>";
		};
		54A17312225CC71A00A7D7FD /* Views */ = {
			isa = PBXGroup;
			children = (
				54A17315225CC71A00A7D7FD /* Snap.swift */,
				54A17314225CC71A00A7D7FD /* DataSourceHeaderFooterView.swift */,
				54A17316225CC71A00A7D7FD /* DataSourceViewController.swift */,
				54A17317225CC71A00A7D7FD /* EmbeddedDataSourceCell.swift */,
				54A17318225CC71A00A7D7FD /* CollectionUIViewProvider.swift */,
				54A17319225CC71A00A7D7FD /* DataSourceCoordinator.swift */,
				54A1731A225CC71A00A7D7FD /* DataSourceInvalidationContext.swift */,
				54A17313225CC71A00A7D7FD /* EmbeddedDataSourceCell.xib */,
			);
			path = Views;
			sourceTree = "<group>";
		};
/* End PBXGroup section */

/* Begin PBXHeadersBuildPhase section */
		540221342195C4F700F0E173 /* Headers */ = {
			isa = PBXHeadersBuildPhase;
			buildActionMask = 2147483647;
			files = (
				5402214B2195C4F800F0E173 /* Composed.h in Headers */,
			);
			runOnlyForDeploymentPostprocessing = 0;
		};
/* End PBXHeadersBuildPhase section */

/* Begin PBXNativeTarget section */
		5402211E2195C44F00F0E173 /* Playground */ = {
			isa = PBXNativeTarget;
			buildConfigurationList = 540221312195C45100F0E173 /* Build configuration list for PBXNativeTarget "Playground" */;
			buildPhases = (
				5402211B2195C44F00F0E173 /* Sources */,
				5402211C2195C44F00F0E173 /* Frameworks */,
				5402211D2195C44F00F0E173 /* Resources */,
				540221532195C4F800F0E173 /* Embed Frameworks */,
			);
			buildRules = (
			);
			dependencies = (
				5402214D2195C4F800F0E173 /* PBXTargetDependency */,
			);
			name = Playground;
			productName = Composed;
			productReference = 5402211F2195C44F00F0E173 /* Playground.app */;
			productType = "com.apple.product-type.application";
		};
		540221382195C4F700F0E173 /* Composed */ = {
			isa = PBXNativeTarget;
			buildConfigurationList = 540221502195C4F800F0E173 /* Build configuration list for PBXNativeTarget "Composed" */;
			buildPhases = (
				540221342195C4F700F0E173 /* Headers */,
				540221352195C4F700F0E173 /* Sources */,
				540221362195C4F700F0E173 /* Frameworks */,
				540221372195C4F700F0E173 /* Resources */,
			);
			buildRules = (
			);
			dependencies = (
			);
			name = Composed;
			productName = DataSources;
			productReference = 540221392195C4F700F0E173 /* Composed.framework */;
			productType = "com.apple.product-type.framework";
		};
		54645B822282F54A00E53245 /* ComposedTests */ = {
			isa = PBXNativeTarget;
			buildConfigurationList = 54645B882282F54B00E53245 /* Build configuration list for PBXNativeTarget "ComposedTests" */;
			buildPhases = (
				54645B7F2282F54A00E53245 /* Sources */,
				54645B802282F54A00E53245 /* Frameworks */,
				54645B812282F54A00E53245 /* Resources */,
				54645B8D2282F56700E53245 /* CopyFiles */,
			);
			buildRules = (
			);
			dependencies = (
				54E5CA252282F64100CCA628 /* PBXTargetDependency */,
			);
			name = ComposedTests;
			productName = ComposedTests;
			productReference = 54645B832282F54A00E53245 /* ComposedTests.xctest */;
			productType = "com.apple.product-type.bundle.unit-test";
		};
/* End PBXNativeTarget section */

/* Begin PBXProject section */
		540221172195C44F00F0E173 /* Project object */ = {
			isa = PBXProject;
			attributes = {
				LastSwiftUpdateCheck = 1020;
				LastUpgradeCheck = 1020;
				ORGANIZATIONNAME = "152 Percent Ltd";
				TargetAttributes = {
					5402211E2195C44F00F0E173 = {
						CreatedOnToolsVersion = 10.1;
					};
					540221382195C4F700F0E173 = {
						CreatedOnToolsVersion = 10.1;
						LastSwiftMigration = 1020;
					};
					54645B822282F54A00E53245 = {
						CreatedOnToolsVersion = 10.2.1;
					};
				};
			};
			buildConfigurationList = 5402211A2195C44F00F0E173 /* Build configuration list for PBXProject "Composed" */;
			compatibilityVersion = "Xcode 9.3";
			developmentRegion = en;
			hasScannedForEncodings = 0;
			knownRegions = (
				en,
				Base,
			);
			mainGroup = 540221162195C44F00F0E173;
			productRefGroup = 540221202195C44F00F0E173 /* Products */;
			projectDirPath = "";
			projectRoot = "";
			targets = (
				5402211E2195C44F00F0E173 /* Playground */,
				540221382195C4F700F0E173 /* Composed */,
				54645B822282F54A00E53245 /* ComposedTests */,
			);
		};
/* End PBXProject section */

/* Begin PBXResourcesBuildPhase section */
		5402211D2195C44F00F0E173 /* Resources */ = {
			isa = PBXResourcesBuildPhase;
			buildActionMask = 2147483647;
			files = (
				5402212D2195C45100F0E173 /* LaunchScreen.storyboard in Resources */,
				548A8B6E2214EEBE00C0A276 /* FooterView.xib in Resources */,
				54D0A8A521F64AF600C65B72 /* HeaderView.xib in Resources */,
				5402212A2195C45100F0E173 /* Assets.xcassets in Resources */,
				546AA49521D5178900588DE4 /* PersonCell.xib in Resources */,
				54BAB1662214D0630064CE51 /* GlobalFooterView.xib in Resources */,
				54BAB160221498000064CE51 /* GlobalHeaderView.xib in Resources */,
				540221282195C45000F0E173 /* Main.storyboard in Resources */,
			);
			runOnlyForDeploymentPostprocessing = 0;
		};
		540221372195C4F700F0E173 /* Resources */ = {
			isa = PBXResourcesBuildPhase;
			buildActionMask = 2147483647;
			files = (
				54A17336225CC72900A7D7FD /* EmbeddedDataSourceCell.xib in Resources */,
			);
			runOnlyForDeploymentPostprocessing = 0;
		};
		54645B812282F54A00E53245 /* Resources */ = {
			isa = PBXResourcesBuildPhase;
			buildActionMask = 2147483647;
			files = (
			);
			runOnlyForDeploymentPostprocessing = 0;
		};
/* End PBXResourcesBuildPhase section */

/* Begin PBXSourcesBuildPhase section */
		5402211B2195C44F00F0E173 /* Sources */ = {
			isa = PBXSourcesBuildPhase;
			buildActionMask = 2147483647;
			files = (
				540221252195C45000F0E173 /* People.swift in Sources */,
				54BAB15E221497FA0064CE51 /* GlobalHeaderView.swift in Sources */,
				54BAB1642214D05C0064CE51 /* GlobalFooterView.swift in Sources */,
				548A8B702214FA2800C0A276 /* BackgroundView.swift in Sources */,
				540221232195C45000F0E173 /* AppDelegate.swift in Sources */,
			);
			runOnlyForDeploymentPostprocessing = 0;
		};
		540221352195C4F700F0E173 /* Sources */ = {
			isa = PBXSourcesBuildPhase;
			buildActionMask = 2147483647;
			files = (
				54A17323225CC72900A7D7FD /* PhotosDataStore.swift in Sources */,
				54A17328225CC72900A7D7FD /* GlobalViewsProvidingDataSource.swift in Sources */,
				54645B692282E8BC00E53245 /* MutableDataStore.swift in Sources */,
				54A17333225CC72900A7D7FD /* FlowLayout.swift in Sources */,
				54A17332225CC72900A7D7FD /* FlowLayoutAttributes.swift in Sources */,
				54645B5F2281A3C100E53245 /* CarouselSizingStrategy.swift in Sources */,
				54A1733D225CC72900A7D7FD /* DataSourceInvalidationContext.swift in Sources */,
				54A1731B225CC72900A7D7FD /* SectionedDataSource.swift in Sources */,
				54A1733A225CC72900A7D7FD /* EmbeddedDataSourceCell.swift in Sources */,
				54645B612281A3FD00E53245 /* NoSizingStrategy.swift in Sources */,
				54E5CA272282FA3400CCA628 /* ComposedChangeDetails.swift in Sources */,
				54A1733C225CC72900A7D7FD /* DataSourceCoordinator.swift in Sources */,
				54A17329225CC72900A7D7FD /* DataSource.swift in Sources */,
				54A17324225CC72900A7D7FD /* AggregateDataSource.swift in Sources */,
				54A17334225CC72900A7D7FD /* FlowLayout+Metrics.swift in Sources */,
				54A17330225CC72900A7D7FD /* FlowLayoutInvalidationContext.swift in Sources */,
				54A17325225CC72900A7D7FD /* CollectionDataSource.swift in Sources */,
				54A17331225CC72900A7D7FD /* FlowLayout+Helpers.swift in Sources */,
				54A17322225CC72900A7D7FD /* DataStore.swift in Sources */,
				54A1731E225CC72900A7D7FD /* BasicDataSource.swift in Sources */,
				54A1732A225CC72900A7D7FD /* CollectionUIProvidingDataSource.swift in Sources */,
				54A1732F225CC72900A7D7FD /* NibLoadable.swift in Sources */,
				54A17338225CC72900A7D7FD /* Snap.swift in Sources */,
				54A1731C225CC72900A7D7FD /* SegmentedDataSource.swift in Sources */,
				54A17339225CC72900A7D7FD /* DataSourceViewController.swift in Sources */,
				54A1732D225CC72900A7D7FD /* ComposedMappings.swift in Sources */,
				54A17327225CC72900A7D7FD /* LifecycleObservingDataSource.swift in Sources */,
				54A17321225CC72900A7D7FD /* ManagedDataStore.swift in Sources */,
				54E5CA292282FF7D00CCA628 /* Deprecations.swift in Sources */,
				54A1732C225CC72900A7D7FD /* DataSourceHashableWrapper.swift in Sources */,
				D937381D22609C05001F29EB /* ArrayDataSource.swift in Sources */,
				54A1731D225CC72900A7D7FD /* EmbeddingDataSource.swift in Sources */,
				54A17335225CC72900A7D7FD /* FlowLayout+Types.swift in Sources */,
				54A17337225CC72900A7D7FD /* DataSourceHeaderFooterView.swift in Sources */,
				54A1731F225CC72900A7D7FD /* ComposedDataSource.swift in Sources */,
				54A1733B225CC72900A7D7FD /* CollectionUIViewProvider.swift in Sources */,
				54A1732E225CC72900A7D7FD /* CollectionUISizingStrategy.swift in Sources */,
				54A1732B225CC72900A7D7FD /* DataSourceChangeSet.swift in Sources */,
				54A17320225CC72900A7D7FD /* ArrayDataStore.swift in Sources */,
				54645B5D2281A3AE00E53245 /* ColumnSizingStrategy.swift in Sources */,
				54A17326225CC72900A7D7FD /* DataSource+Handlers.swift in Sources */,
			);
			runOnlyForDeploymentPostprocessing = 0;
		};
		54645B7F2282F54A00E53245 /* Sources */ = {
			isa = PBXSourcesBuildPhase;
			buildActionMask = 2147483647;
			files = (
				54E5CA31228326E200CCA628 /* Empty+Spec.swift in Sources */,
				54E5CA3D2283277600CCA628 /* Lifecycle+Spec.swift in Sources */,
				54E5CA352283270C00CCA628 /* Basic+Spec.swift in Sources */,
				54E5CA2D228326BB00CCA628 /* Composed+Spec.swift in Sources */,
				54E5CA3B2283276B00CCA628 /* Complex+Spec.swift in Sources */,
				54E5CA33228326F200CCA628 /* Sectioned+Spec.swift in Sources */,
				54E5CA3F228327AC00CCA628 /* Wrapper+Spec.swift in Sources */,
				54E5CA372283272800CCA628 /* Managed+Spec.swift in Sources */,
				54645B952282F5D900E53245 /* Array+Spec.swift in Sources */,
				54E5CA2F228326CF00CCA628 /* Segmented+Spec.swift in Sources */,
			);
			runOnlyForDeploymentPostprocessing = 0;
		};
/* End PBXSourcesBuildPhase section */

/* Begin PBXTargetDependency section */
		5402214D2195C4F800F0E173 /* PBXTargetDependency */ = {
			isa = PBXTargetDependency;
			target = 540221382195C4F700F0E173 /* Composed */;
			targetProxy = 5402214C2195C4F800F0E173 /* PBXContainerItemProxy */;
		};
		54E5CA252282F64100CCA628 /* PBXTargetDependency */ = {
			isa = PBXTargetDependency;
			target = 5402211E2195C44F00F0E173 /* Playground */;
			targetProxy = 54E5CA242282F64100CCA628 /* PBXContainerItemProxy */;
		};
/* End PBXTargetDependency section */

/* Begin PBXVariantGroup section */
		540221262195C45000F0E173 /* Main.storyboard */ = {
			isa = PBXVariantGroup;
			children = (
				540221272195C45000F0E173 /* Base */,
			);
			name = Main.storyboard;
			sourceTree = "<group>";
		};
		5402212B2195C45100F0E173 /* LaunchScreen.storyboard */ = {
			isa = PBXVariantGroup;
			children = (
				5402212C2195C45100F0E173 /* Base */,
			);
			name = LaunchScreen.storyboard;
			sourceTree = "<group>";
		};
/* End PBXVariantGroup section */

/* Begin XCBuildConfiguration section */
		5402212F2195C45100F0E173 /* Debug */ = {
			isa = XCBuildConfiguration;
			buildSettings = {
				ALWAYS_SEARCH_USER_PATHS = NO;
				CLANG_ANALYZER_NONNULL = YES;
				CLANG_ANALYZER_NUMBER_OBJECT_CONVERSION = YES_AGGRESSIVE;
				CLANG_CXX_LANGUAGE_STANDARD = "gnu++14";
				CLANG_CXX_LIBRARY = "libc++";
				CLANG_ENABLE_MODULES = YES;
				CLANG_ENABLE_OBJC_ARC = YES;
				CLANG_ENABLE_OBJC_WEAK = YES;
				CLANG_WARN_BLOCK_CAPTURE_AUTORELEASING = YES;
				CLANG_WARN_BOOL_CONVERSION = YES;
				CLANG_WARN_COMMA = YES;
				CLANG_WARN_CONSTANT_CONVERSION = YES;
				CLANG_WARN_DEPRECATED_OBJC_IMPLEMENTATIONS = YES;
				CLANG_WARN_DIRECT_OBJC_ISA_USAGE = YES_ERROR;
				CLANG_WARN_DOCUMENTATION_COMMENTS = YES;
				CLANG_WARN_EMPTY_BODY = YES;
				CLANG_WARN_ENUM_CONVERSION = YES;
				CLANG_WARN_INFINITE_RECURSION = YES;
				CLANG_WARN_INT_CONVERSION = YES;
				CLANG_WARN_NON_LITERAL_NULL_CONVERSION = YES;
				CLANG_WARN_OBJC_IMPLICIT_RETAIN_SELF = YES;
				CLANG_WARN_OBJC_LITERAL_CONVERSION = YES;
				CLANG_WARN_OBJC_ROOT_CLASS = YES_ERROR;
				CLANG_WARN_RANGE_LOOP_ANALYSIS = YES;
				CLANG_WARN_STRICT_PROTOTYPES = YES;
				CLANG_WARN_SUSPICIOUS_MOVE = YES;
				CLANG_WARN_UNGUARDED_AVAILABILITY = YES_AGGRESSIVE;
				CLANG_WARN_UNREACHABLE_CODE = YES;
				CLANG_WARN__DUPLICATE_METHOD_MATCH = YES;
				CODE_SIGN_IDENTITY = "iPhone Developer";
				COPY_PHASE_STRIP = NO;
				DEBUG_INFORMATION_FORMAT = dwarf;
				ENABLE_STRICT_OBJC_MSGSEND = YES;
				ENABLE_TESTABILITY = YES;
				GCC_C_LANGUAGE_STANDARD = gnu11;
				GCC_DYNAMIC_NO_PIC = NO;
				GCC_NO_COMMON_BLOCKS = YES;
				GCC_OPTIMIZATION_LEVEL = 0;
				GCC_PREPROCESSOR_DEFINITIONS = (
					"DEBUG=1",
					"$(inherited)",
				);
				GCC_WARN_64_TO_32_BIT_CONVERSION = YES;
				GCC_WARN_ABOUT_RETURN_TYPE = YES_ERROR;
				GCC_WARN_UNDECLARED_SELECTOR = YES;
				GCC_WARN_UNINITIALIZED_AUTOS = YES_AGGRESSIVE;
				GCC_WARN_UNUSED_FUNCTION = YES;
				GCC_WARN_UNUSED_VARIABLE = YES;
				IPHONEOS_DEPLOYMENT_TARGET = 11.0;
				MTL_ENABLE_DEBUG_INFO = INCLUDE_SOURCE;
				MTL_FAST_MATH = YES;
				ONLY_ACTIVE_ARCH = YES;
				SDKROOT = iphoneos;
				SWIFT_ACTIVE_COMPILATION_CONDITIONS = DEBUG;
				SWIFT_OPTIMIZATION_LEVEL = "-Onone";
			};
			name = Debug;
		};
		540221302195C45100F0E173 /* Release */ = {
			isa = XCBuildConfiguration;
			buildSettings = {
				ALWAYS_SEARCH_USER_PATHS = NO;
				CLANG_ANALYZER_NONNULL = YES;
				CLANG_ANALYZER_NUMBER_OBJECT_CONVERSION = YES_AGGRESSIVE;
				CLANG_CXX_LANGUAGE_STANDARD = "gnu++14";
				CLANG_CXX_LIBRARY = "libc++";
				CLANG_ENABLE_MODULES = YES;
				CLANG_ENABLE_OBJC_ARC = YES;
				CLANG_ENABLE_OBJC_WEAK = YES;
				CLANG_WARN_BLOCK_CAPTURE_AUTORELEASING = YES;
				CLANG_WARN_BOOL_CONVERSION = YES;
				CLANG_WARN_COMMA = YES;
				CLANG_WARN_CONSTANT_CONVERSION = YES;
				CLANG_WARN_DEPRECATED_OBJC_IMPLEMENTATIONS = YES;
				CLANG_WARN_DIRECT_OBJC_ISA_USAGE = YES_ERROR;
				CLANG_WARN_DOCUMENTATION_COMMENTS = YES;
				CLANG_WARN_EMPTY_BODY = YES;
				CLANG_WARN_ENUM_CONVERSION = YES;
				CLANG_WARN_INFINITE_RECURSION = YES;
				CLANG_WARN_INT_CONVERSION = YES;
				CLANG_WARN_NON_LITERAL_NULL_CONVERSION = YES;
				CLANG_WARN_OBJC_IMPLICIT_RETAIN_SELF = YES;
				CLANG_WARN_OBJC_LITERAL_CONVERSION = YES;
				CLANG_WARN_OBJC_ROOT_CLASS = YES_ERROR;
				CLANG_WARN_RANGE_LOOP_ANALYSIS = YES;
				CLANG_WARN_STRICT_PROTOTYPES = YES;
				CLANG_WARN_SUSPICIOUS_MOVE = YES;
				CLANG_WARN_UNGUARDED_AVAILABILITY = YES_AGGRESSIVE;
				CLANG_WARN_UNREACHABLE_CODE = YES;
				CLANG_WARN__DUPLICATE_METHOD_MATCH = YES;
				CODE_SIGN_IDENTITY = "iPhone Developer";
				COPY_PHASE_STRIP = NO;
				DEBUG_INFORMATION_FORMAT = "dwarf-with-dsym";
				ENABLE_NS_ASSERTIONS = NO;
				ENABLE_STRICT_OBJC_MSGSEND = YES;
				GCC_C_LANGUAGE_STANDARD = gnu11;
				GCC_NO_COMMON_BLOCKS = YES;
				GCC_WARN_64_TO_32_BIT_CONVERSION = YES;
				GCC_WARN_ABOUT_RETURN_TYPE = YES_ERROR;
				GCC_WARN_UNDECLARED_SELECTOR = YES;
				GCC_WARN_UNINITIALIZED_AUTOS = YES_AGGRESSIVE;
				GCC_WARN_UNUSED_FUNCTION = YES;
				GCC_WARN_UNUSED_VARIABLE = YES;
				IPHONEOS_DEPLOYMENT_TARGET = 11.0;
				MTL_ENABLE_DEBUG_INFO = NO;
				MTL_FAST_MATH = YES;
				SDKROOT = iphoneos;
				SWIFT_COMPILATION_MODE = wholemodule;
				SWIFT_OPTIMIZATION_LEVEL = "-O";
				VALIDATE_PRODUCT = YES;
			};
			name = Release;
		};
		540221322195C45100F0E173 /* Debug */ = {
			isa = XCBuildConfiguration;
			buildSettings = {
				ALWAYS_EMBED_SWIFT_STANDARD_LIBRARIES = YES;
				ASSETCATALOG_COMPILER_APPICON_NAME = AppIcon;
				CODE_SIGN_STYLE = Automatic;
				DEVELOPMENT_TEAM = V2CWYL9AN8;
				INFOPLIST_FILE = Playground/Info.plist;
				LD_RUNPATH_SEARCH_PATHS = (
					"$(inherited)",
					"@executable_path/Frameworks",
				);
				PRODUCT_BUNDLE_IDENTIFIER = com.152percent.Playground;
				PRODUCT_NAME = "$(TARGET_NAME)";
				SWIFT_VERSION = 5.0;
				TARGETED_DEVICE_FAMILY = "1,2";
			};
			name = Debug;
		};
		540221332195C45100F0E173 /* Release */ = {
			isa = XCBuildConfiguration;
			buildSettings = {
				ALWAYS_EMBED_SWIFT_STANDARD_LIBRARIES = YES;
				ASSETCATALOG_COMPILER_APPICON_NAME = AppIcon;
				CODE_SIGN_STYLE = Automatic;
				DEVELOPMENT_TEAM = V2CWYL9AN8;
				INFOPLIST_FILE = Playground/Info.plist;
				LD_RUNPATH_SEARCH_PATHS = (
					"$(inherited)",
					"@executable_path/Frameworks",
				);
				PRODUCT_BUNDLE_IDENTIFIER = com.152percent.Playground;
				PRODUCT_NAME = "$(TARGET_NAME)";
				SWIFT_VERSION = 5.0;
				TARGETED_DEVICE_FAMILY = "1,2";
			};
			name = Release;
		};
		540221512195C4F800F0E173 /* Debug */ = {
			isa = XCBuildConfiguration;
			buildSettings = {
				APPLICATION_EXTENSION_API_ONLY = YES;
				CLANG_ENABLE_MODULES = YES;
				CODE_SIGN_IDENTITY = "";
				CODE_SIGN_STYLE = Manual;
				CURRENT_PROJECT_VERSION = 1;
				DEFINES_MODULE = YES;
				DEVELOPMENT_TEAM = V2CWYL9AN8;
				DYLIB_COMPATIBILITY_VERSION = 1;
				DYLIB_CURRENT_VERSION = 1;
				DYLIB_INSTALL_NAME_BASE = "@rpath";
				INFOPLIST_FILE = Composed/Info.plist;
				INSTALL_PATH = "$(LOCAL_LIBRARY_DIR)/Frameworks";
				LD_RUNPATH_SEARCH_PATHS = (
					"$(inherited)",
					"@executable_path/Frameworks",
					"@loader_path/Frameworks",
				);
				PRODUCT_BUNDLE_IDENTIFIER = com.152percent.Composed;
				PRODUCT_NAME = "$(TARGET_NAME:c99extidentifier)";
				SKIP_INSTALL = YES;
				SWIFT_OPTIMIZATION_LEVEL = "-Onone";
				SWIFT_VERSION = 5.0;
				TARGETED_DEVICE_FAMILY = "1,2";
				VERSIONING_SYSTEM = "apple-generic";
				VERSION_INFO_PREFIX = "";
			};
			name = Debug;
		};
		540221522195C4F800F0E173 /* Release */ = {
			isa = XCBuildConfiguration;
			buildSettings = {
				APPLICATION_EXTENSION_API_ONLY = YES;
				CLANG_ENABLE_MODULES = YES;
				CODE_SIGN_IDENTITY = "";
				CODE_SIGN_STYLE = Manual;
				CURRENT_PROJECT_VERSION = 1;
				DEFINES_MODULE = YES;
				DEVELOPMENT_TEAM = V2CWYL9AN8;
				DYLIB_COMPATIBILITY_VERSION = 1;
				DYLIB_CURRENT_VERSION = 1;
				DYLIB_INSTALL_NAME_BASE = "@rpath";
				INFOPLIST_FILE = Composed/Info.plist;
				INSTALL_PATH = "$(LOCAL_LIBRARY_DIR)/Frameworks";
				LD_RUNPATH_SEARCH_PATHS = (
					"$(inherited)",
					"@executable_path/Frameworks",
					"@loader_path/Frameworks",
				);
				PRODUCT_BUNDLE_IDENTIFIER = com.152percent.Composed;
				PRODUCT_NAME = "$(TARGET_NAME:c99extidentifier)";
				SKIP_INSTALL = YES;
				SWIFT_VERSION = 5.0;
				TARGETED_DEVICE_FAMILY = "1,2";
				VERSIONING_SYSTEM = "apple-generic";
				VERSION_INFO_PREFIX = "";
			};
			name = Release;
		};
		54645B892282F54B00E53245 /* Debug */ = {
			isa = XCBuildConfiguration;
			buildSettings = {
				CODE_SIGN_STYLE = Automatic;
				DEVELOPMENT_TEAM = V2CWYL9AN8;
				FRAMEWORK_SEARCH_PATHS = (
					"$(inherited)",
					"$(PROJECT_DIR)/Carthage/Build/iOS",
				);
				INFOPLIST_FILE = ComposedTests/Info.plist;
				LD_RUNPATH_SEARCH_PATHS = (
					"$(inherited)",
					"@executable_path/Frameworks",
					"@loader_path/Frameworks",
				);
				PRODUCT_BUNDLE_IDENTIFIER = com.152percent.ComposedTests;
				PRODUCT_NAME = "$(TARGET_NAME)";
				SWIFT_VERSION = 5.0;
				TARGETED_DEVICE_FAMILY = "1,2";
			};
			name = Debug;
		};
		54645B8A2282F54B00E53245 /* Release */ = {
			isa = XCBuildConfiguration;
			buildSettings = {
				CODE_SIGN_STYLE = Automatic;
				DEVELOPMENT_TEAM = V2CWYL9AN8;
				FRAMEWORK_SEARCH_PATHS = (
					"$(inherited)",
					"$(PROJECT_DIR)/Carthage/Build/iOS",
				);
				INFOPLIST_FILE = ComposedTests/Info.plist;
				LD_RUNPATH_SEARCH_PATHS = (
					"$(inherited)",
					"@executable_path/Frameworks",
					"@loader_path/Frameworks",
				);
				PRODUCT_BUNDLE_IDENTIFIER = com.152percent.ComposedTests;
				PRODUCT_NAME = "$(TARGET_NAME)";
				SWIFT_VERSION = 5.0;
				TARGETED_DEVICE_FAMILY = "1,2";
			};
			name = Release;
		};
/* End XCBuildConfiguration section */

/* Begin XCConfigurationList section */
		5402211A2195C44F00F0E173 /* Build configuration list for PBXProject "Composed" */ = {
			isa = XCConfigurationList;
			buildConfigurations = (
				5402212F2195C45100F0E173 /* Debug */,
				540221302195C45100F0E173 /* Release */,
			);
			defaultConfigurationIsVisible = 0;
			defaultConfigurationName = Release;
		};
		540221312195C45100F0E173 /* Build configuration list for PBXNativeTarget "Playground" */ = {
			isa = XCConfigurationList;
			buildConfigurations = (
				540221322195C45100F0E173 /* Debug */,
				540221332195C45100F0E173 /* Release */,
			);
			defaultConfigurationIsVisible = 0;
			defaultConfigurationName = Release;
		};
		540221502195C4F800F0E173 /* Build configuration list for PBXNativeTarget "Composed" */ = {
			isa = XCConfigurationList;
			buildConfigurations = (
				540221512195C4F800F0E173 /* Debug */,
				540221522195C4F800F0E173 /* Release */,
			);
			defaultConfigurationIsVisible = 0;
			defaultConfigurationName = Release;
		};
		54645B882282F54B00E53245 /* Build configuration list for PBXNativeTarget "ComposedTests" */ = {
			isa = XCConfigurationList;
			buildConfigurations = (
				54645B892282F54B00E53245 /* Debug */,
				54645B8A2282F54B00E53245 /* Release */,
			);
			defaultConfigurationIsVisible = 0;
			defaultConfigurationName = Release;
		};
/* End XCConfigurationList section */
	};
	rootObject = 540221172195C44F00F0E173 /* Project object */;
}
